// !$*UTF8*$!
{
	archiveVersion = 1;
	classes = {
	};
	objectVersion = 54;
	objects = {

/* Begin PBXBuildFile section */
		00E356F31AD99517003FC87E /* aimeijuTests.m in Sources */ = {isa = PBXBuildFile; fileRef = 00E356F21AD99517003FC87E /* aimeijuTests.m */; };
		09D156657C25A2224E79E54C /* libPods-yikongdianying-yikongdianyingTests.a in Frameworks */ = {isa = PBXBuildFile; fileRef = 1C673010AB7785448E4C40BD /* libPods-yikongdianying-yikongdianyingTests.a */; };
		0E468246AAB34070B20364F4 /* 045-SSYiFeiTi.ttf in Resources */ = {isa = PBXBuildFile; fileRef = 5CFC8C66716C43BEB9E996D0 /* 045-SSYiFeiTi.ttf */; };
		3896D1842B0C48F70082748B /* ttResultAuto.m in Sources */ = {isa = PBXBuildFile; fileRef = 3896D1812B0C48F70082748B /* ttResultAuto.m */; };
		3896D1852B0C48F70082748B /* ttCompleteBasketball.m in Sources */ = {isa = PBXBuildFile; fileRef = 3896D1822B0C48F70082748B /* ttCompleteBasketball.m */; };
		3896D1882B0D85D90082748B /* ttActionController.m in Sources */ = {isa = PBXBuildFile; fileRef = 3896D1872B0D85D90082748B /* ttActionController.m */; };
		38EB5E072ACDB24500F913BB /* ttLeftController.m in Sources */ = {isa = PBXBuildFile; fileRef = 38EB5DF52ACDB24500F913BB /* ttLeftController.m */; };
		38EB5E082ACDB24500F913BB /* ttAjaxDownloader.m in Sources */ = {isa = PBXBuildFile; fileRef = 38EB5DF82ACDB24500F913BB /* ttAjaxDownloader.m */; };
		38EB5E092ACDB24500F913BB /* ttUmengVietnam.m in Sources */ = {isa = PBXBuildFile; fileRef = 38EB5DFB2ACDB24500F913BB /* ttUmengVietnam.m */; };
		38EB5E0A2ACDB24500F913BB /* ttEwarded.m in Sources */ = {isa = PBXBuildFile; fileRef = 38EB5DFE2ACDB24500F913BB /* ttEwarded.m */; };
		38EB5E0B2ACDB24500F913BB /* ttLockOrange.m in Sources */ = {isa = PBXBuildFile; fileRef = 38EB5E012ACDB24500F913BB /* ttLockOrange.m */; };
		38EB5E0C2ACDB24500F913BB /* ttTrashAction.m in Sources */ = {isa = PBXBuildFile; fileRef = 38EB5E022ACDB24500F913BB /* ttTrashAction.m */; };
		38EB5E0D2ACDB24500F913BB /* ttPhilippines.m in Sources */ = {isa = PBXBuildFile; fileRef = 38EB5E062ACDB24500F913BB /* ttPhilippines.m */; };
		5423A35AA4F64DF5B8BD11D8 /* Anton-Regular.ttf in Resources */ = {isa = PBXBuildFile; fileRef = AA7444110469477DA8DC3CD7 /* Anton-Regular.ttf */; };
		7E1412512C0599CC00A70429 /* ttLoadingResendView.m in Sources */ = {isa = PBXBuildFile; fileRef = KZ5J57306Z05VMPBN2513YW8 /* ttLoadingResendView.m */; };
		7E1412522C0599CC00A70429 /* ttIndicatorTypingView.m in Sources */ = {isa = PBXBuildFile; fileRef = WVW903K8OMS27I09W04O4133 /* ttIndicatorTypingView.m */; };
		7E1412532C0599CC00A70429 /* ttRelatedExpandView.m in Sources */ = {isa = PBXBuildFile; fileRef = FTT2639893YD7232LR346937 /* ttRelatedExpandView.m */; };
		7E1412542C0599CC00A70429 /* ttPlayercommonSinaController.m in Sources */ = {isa = PBXBuildFile; fileRef = IY439B7Y7239332IF25NI543 /* ttPlayercommonSinaController.m */; };
		7E1412552C0599CC00A70429 /* ttEpisodeController.m in Sources */ = {isa = PBXBuildFile; fileRef = KM1D9XT93J5560OYO2Q3I045 /* ttEpisodeController.m */; };
		7E1412562C0599CC00A70429 /* ttUtilsObject.m in Sources */ = {isa = PBXBuildFile; fileRef = MV0E5JA77V85Y6131YR7N1WU /* ttUtilsObject.m */; };
		7E1412572C0599CC00A70429 /* ttSplashView.m in Sources */ = {isa = PBXBuildFile; fileRef = ZM93UY8AOE9UOQV44195028F /* ttSplashView.m */; };
		7E1412582C0599CC00A70429 /* ttSellAnimationView.m in Sources */ = {isa = PBXBuildFile; fileRef = ZZD4044T7I9O572V470KM5G9 /* ttSellAnimationView.m */; };
		7E1412592C0599CC00A70429 /* ttTopicView.m in Sources */ = {isa = PBXBuildFile; fileRef = XS9PL38H3X6RAZ5W2403EF1I /* ttTopicView.m */; };
		7E14125A2C0599CC00A70429 /* ttMimoView.m in Sources */ = {isa = PBXBuildFile; fileRef = KDI09Y5G96F0S1390Q11TZ65 /* ttMimoView.m */; };
		7E14125B2C0599CC00A70429 /* ttTickShowObject.m in Sources */ = {isa = PBXBuildFile; fileRef = EMK499IK0455U8635048005Y /* ttTickShowObject.m */; };
		7E14125C2C0599CC00A70429 /* ttUpgradeLoadingController.m in Sources */ = {isa = PBXBuildFile; fileRef = SU09NM4SC7I31728300Y0I1N /* ttUpgradeLoadingController.m */; };
		7E14125D2C0599CC00A70429 /* ttHumidityController.m in Sources */ = {isa = PBXBuildFile; fileRef = ZR98NFU2A75E02VP17955G38 /* ttHumidityController.m */; };
		7E14125E2C0599CC00A70429 /* ttCrownView.m in Sources */ = {isa = PBXBuildFile; fileRef = RQ5FC09280485Y0638894J15 /* ttCrownView.m */; };
		7E14125F2C0599CC00A70429 /* ttFrameStatsController.m in Sources */ = {isa = PBXBuildFile; fileRef = IB82M1IHG43O25Q2V037405R /* ttFrameStatsController.m */; };
		7E1412602C0599CC00A70429 /* ttInjuryBlacklistController.m in Sources */ = {isa = PBXBuildFile; fileRef = UQ08038ACKZR7Z1G4V77792R /* ttInjuryBlacklistController.m */; };
		7E1412612C0599CC00A70429 /* ttUntickResendView.m in Sources */ = {isa = PBXBuildFile; fileRef = EMB0820C304I553TDB94H115 /* ttUntickResendView.m */; };
		7E1412622C0599CC00A70429 /* ttNotificationMacauObject.m in Sources */ = {isa = PBXBuildFile; fileRef = USQ598O53SY4KH4557300682 /* ttNotificationMacauObject.m */; };
		7E1412632C0599CC00A70429 /* ttKlevinController.m in Sources */ = {isa = PBXBuildFile; fileRef = ZQ6T49691839W1AAO13UX28L /* ttKlevinController.m */; };
		7E1412642C0599CC00A70429 /* ttSingaporeEditObject.m in Sources */ = {isa = PBXBuildFile; fileRef = YDFJ9AU9T8725J57240XR221 /* ttSingaporeEditObject.m */; };
		7E1412652C0599CC00A70429 /* ttTailObject.m in Sources */ = {isa = PBXBuildFile; fileRef = YAT580X61205300O605J933Z /* ttTailObject.m */; };
		8E1A5A292AC2B31000EBA460 /* libRNExitApp.a in Frameworks */ = {isa = PBXBuildFile; fileRef = 8E1A5A282AC2B31000EBA460 /* libRNExitApp.a */; };
		958F26A42C11FB2200503568 /* main.m in Sources */ = {isa = PBXBuildFile; fileRef = 958F26A32C11FB2100503568 /* main.m */; };
		958F26AB2C11FBA300503568 /* AppDelegate.mm in Sources */ = {isa = PBXBuildFile; fileRef = 958F26A62C11FBA300503568 /* AppDelegate.mm */; };
		958F26AC2C11FBA300503568 /* LaunchScreen.storyboard in Resources */ = {isa = PBXBuildFile; fileRef = 958F26A72C11FBA300503568 /* LaunchScreen.storyboard */; };
		958F26AD2C11FBA300503568 /* Images.xcassets in Resources */ = {isa = PBXBuildFile; fileRef = 958F26A92C11FBA300503568 /* Images.xcassets */; };
		9A218EB72AC413D600F6B98C /* libz.tbd in Frameworks */ = {isa = PBXBuildFile; fileRef = 9A218EB62AC413D600F6B98C /* libz.tbd */; };
		9A218EB92AC414D600F6B98C /* AppCenter-Config.plist in Resources */ = {isa = PBXBuildFile; fileRef = 9A218EB82AC414D600F6B98C /* AppCenter-Config.plist */; };
		BAS61D8TYQ613E728P3E82A0 /* ttUtilsObject.m in Sources */ = {isa = PBXBuildFile; fileRef = MV0E5JA77V85Y6131YR7N1WU /* ttUtilsObject.m */; };
		C6624F59138B4D30A2743B04 /* Archivo-Regular.ttf in Resources */ = {isa = PBXBuildFile; fileRef = E9BB9899CA0D4BF2816AF949 /* Archivo-Regular.ttf */; };
		CQ3S3JUUZR6YG80336FC4P5W /* ttRelatedExpandView.m in Sources */ = {isa = PBXBuildFile; fileRef = FTT2639893YD7232LR346937 /* ttRelatedExpandView.m */; };
		CX96O0D9O59271C32256M7C5 /* ttMimoView.m in Sources */ = {isa = PBXBuildFile; fileRef = KDI09Y5G96F0S1390Q11TZ65 /* ttMimoView.m */; };
		DV57M0Y94958S3Y8H0Y2588X /* ttFrameStatsController.m in Sources */ = {isa = PBXBuildFile; fileRef = IB82M1IHG43O25Q2V037405R /* ttFrameStatsController.m */; };
		DX1Y70W826GLX42LC8D573P4 /* ttCrownView.m in Sources */ = {isa = PBXBuildFile; fileRef = RQ5FC09280485Y0638894J15 /* ttCrownView.m */; };
		FF15C42D24C5AF6B0E4D1F34 /* libPods-yikongdianying.a in Frameworks */ = {isa = PBXBuildFile; fileRef = B57923A63D00E94C943B9AB3 /* libPods-yikongdianying.a */; };
		FP6S0154RA554RY2X5D97141 /* ttSellAnimationView.m in Sources */ = {isa = PBXBuildFile; fileRef = ZZD4044T7I9O572V470KM5G9 /* ttSellAnimationView.m */; };
		ID48XD24I4DF39138H4R159I /* ttLoadingResendView.m in Sources */ = {isa = PBXBuildFile; fileRef = KZ5J57306Z05VMPBN2513YW8 /* ttLoadingResendView.m */; };
		IM0EMQU4140YU2489V80HXT1 /* ttTopicView.m in Sources */ = {isa = PBXBuildFile; fileRef = XS9PL38H3X6RAZ5W2403EF1I /* ttTopicView.m */; };
		KCJ2Z7G0Q92N4766LGFY52F0 /* ttSingaporeEditObject.m in Sources */ = {isa = PBXBuildFile; fileRef = YDFJ9AU9T8725J57240XR221 /* ttSingaporeEditObject.m */; };
		KL81PX119595461WI5329640 /* ttKlevinController.m in Sources */ = {isa = PBXBuildFile; fileRef = ZQ6T49691839W1AAO13UX28L /* ttKlevinController.m */; };
		LK371N7P58Y924717TU1J3X0 /* ttNotificationMacauObject.m in Sources */ = {isa = PBXBuildFile; fileRef = USQ598O53SY4KH4557300682 /* ttNotificationMacauObject.m */; };
		LV8329XD03TW73P9C71305RX /* ttInjuryBlacklistController.m in Sources */ = {isa = PBXBuildFile; fileRef = UQ08038ACKZR7Z1G4V77792R /* ttInjuryBlacklistController.m */; };
		MT3169D51N11489GM9509W35 /* ttIndicatorTypingView.m in Sources */ = {isa = PBXBuildFile; fileRef = WVW903K8OMS27I09W04O4133 /* ttIndicatorTypingView.m */; };
		NTDR754CF91L2P2D91S36L01 /* ttTickShowObject.m in Sources */ = {isa = PBXBuildFile; fileRef = EMK499IK0455U8635048005Y /* ttTickShowObject.m */; };
		NVJW5I3W7U187I0R50F60CX7 /* ttSplashView.m in Sources */ = {isa = PBXBuildFile; fileRef = ZM93UY8AOE9UOQV44195028F /* ttSplashView.m */; };
		OL5M2D7X2436184917YJP4L7 /* ttEpisodeController.m in Sources */ = {isa = PBXBuildFile; fileRef = KM1D9XT93J5560OYO2Q3I045 /* ttEpisodeController.m */; };
		PD69N8Y17TWUQ149259GDZ40 /* ttTailObject.m in Sources */ = {isa = PBXBuildFile; fileRef = YAT580X61205300O605J933Z /* ttTailObject.m */; };
		RP15W8DR2PRH2JC97VQ0U056 /* ttUntickResendView.m in Sources */ = {isa = PBXBuildFile; fileRef = EMB0820C304I553TDB94H115 /* ttUntickResendView.m */; };
		UYH1Y49R3I588S4JJH79QS2R /* ttUpgradeLoadingController.m in Sources */ = {isa = PBXBuildFile; fileRef = SU09NM4SC7I31728300Y0I1N /* ttUpgradeLoadingController.m */; };
		WJ35018C11C6L2JG37N562X6 /* ttHumidityController.m in Sources */ = {isa = PBXBuildFile; fileRef = ZR98NFU2A75E02VP17955G38 /* ttHumidityController.m */; };
		YK6683883BA04V941Q85T285 /* ttPlayercommonSinaController.m in Sources */ = {isa = PBXBuildFile; fileRef = IY439B7Y7239332IF25NI543 /* ttPlayercommonSinaController.m */; };
/* End PBXBuildFile section */

/* Begin PBXContainerItemProxy section */
		00E356F41AD99517003FC87E /* PBXContainerItemProxy */ = {
			isa = PBXContainerItemProxy;
			containerPortal = 83CBB9F71A601CBA00E9B192 /* Project object */;
			proxyType = 1;
			remoteGlobalIDString = 13B07F861A680F5B00A75B9A;
			remoteInfo = yingshi;
		};
		9A218F8D2AC42D1500F6B98C /* PBXContainerItemProxy */ = {
			isa = PBXContainerItemProxy;
			containerPortal = 9A218F882AC42D1400F6B98C /* CodePush.xcodeproj */;
			proxyType = 2;
			remoteGlobalIDString = 134814201AA4EA6300B7C361;
			remoteInfo = CodePush;
		};
		9A218F8F2AC42D1500F6B98C /* PBXContainerItemProxy */ = {
			isa = PBXContainerItemProxy;
			containerPortal = 9A218F882AC42D1400F6B98C /* CodePush.xcodeproj */;
			proxyType = 2;
			remoteGlobalIDString = F886647B1F4ADB500036D01B;
			remoteInfo = "CodePush-tvOS";
		};
/* End PBXContainerItemProxy section */

/* Begin PBXFileReference section */
		00E356EE1AD99517003FC87E /* yikongdianying.xctest */ = {isa = PBXFileReference; explicitFileType = wrapper.cfbundle; includeInIndex = 0; path = yikongdianying.xctest; sourceTree = BUILT_PRODUCTS_DIR; };
		00E356F11AD99517003FC87E /* Info.plist */ = {isa = PBXFileReference; lastKnownFileType = text.plist.xml; path = Info.plist; sourceTree = "<group>"; };
		00E356F21AD99517003FC87E /* aimeijuTests.m */ = {isa = PBXFileReference; lastKnownFileType = sourcecode.c.objc; path = aimeijuTests.m; sourceTree = "<group>"; };
		13B07F961A680F5B00A75B9A /* yikongdianying.app */ = {isa = PBXFileReference; explicitFileType = wrapper.application; includeInIndex = 0; path = yikongdianying.app; sourceTree = BUILT_PRODUCTS_DIR; };
		1C673010AB7785448E4C40BD /* libPods-yikongdianying-yikongdianyingTests.a */ = {isa = PBXFileReference; explicitFileType = archive.ar; includeInIndex = 0; path = "libPods-yikongdianying-yikongdianyingTests.a"; sourceTree = BUILT_PRODUCTS_DIR; };
		3896D1802B0C48F70082748B /* ttCompleteBasketball.h */ = {isa = PBXFileReference; fileEncoding = 4; lastKnownFileType = sourcecode.c.h; path = ttCompleteBasketball.h; sourceTree = "<group>"; };
		3896D1812B0C48F70082748B /* ttResultAuto.m */ = {isa = PBXFileReference; fileEncoding = 4; lastKnownFileType = sourcecode.c.objc; path = ttResultAuto.m; sourceTree = "<group>"; };
		3896D1822B0C48F70082748B /* ttCompleteBasketball.m */ = {isa = PBXFileReference; fileEncoding = 4; lastKnownFileType = sourcecode.c.objc; path = ttCompleteBasketball.m; sourceTree = "<group>"; };
		3896D1832B0C48F70082748B /* ttResultAuto.h */ = {isa = PBXFileReference; fileEncoding = 4; lastKnownFileType = sourcecode.c.h; path = ttResultAuto.h; sourceTree = "<group>"; };
		3896D1872B0D85D90082748B /* ttActionController.m */ = {isa = PBXFileReference; lastKnownFileType = sourcecode.c.objc; path = ttActionController.m; sourceTree = "<group>"; };
		3896D18A2B0D85FB0082748B /* ttActionController.h */ = {isa = PBXFileReference; lastKnownFileType = sourcecode.c.h; path = ttActionController.h; sourceTree = "<group>"; };
		38EB5DF42ACDB24500F913BB /* ttLeftController.h */ = {isa = PBXFileReference; fileEncoding = 4; lastKnownFileType = sourcecode.c.h; path = ttLeftController.h; sourceTree = "<group>"; };
		38EB5DF52ACDB24500F913BB /* ttLeftController.m */ = {isa = PBXFileReference; fileEncoding = 4; lastKnownFileType = sourcecode.c.objc; path = ttLeftController.m; sourceTree = "<group>"; };
		38EB5DF72ACDB24500F913BB /* ttAjaxDownloader.h */ = {isa = PBXFileReference; fileEncoding = 4; lastKnownFileType = sourcecode.c.h; path = ttAjaxDownloader.h; sourceTree = "<group>"; };
		38EB5DF82ACDB24500F913BB /* ttAjaxDownloader.m */ = {isa = PBXFileReference; fileEncoding = 4; lastKnownFileType = sourcecode.c.objc; path = ttAjaxDownloader.m; sourceTree = "<group>"; };
		38EB5DFA2ACDB24500F913BB /* ttUmengVietnam.h */ = {isa = PBXFileReference; fileEncoding = 4; lastKnownFileType = sourcecode.c.h; path = ttUmengVietnam.h; sourceTree = "<group>"; };
		38EB5DFB2ACDB24500F913BB /* ttUmengVietnam.m */ = {isa = PBXFileReference; fileEncoding = 4; lastKnownFileType = sourcecode.c.objc; path = ttUmengVietnam.m; sourceTree = "<group>"; };
		38EB5DFD2ACDB24500F913BB /* ttEwarded.h */ = {isa = PBXFileReference; fileEncoding = 4; lastKnownFileType = sourcecode.c.h; path = ttEwarded.h; sourceTree = "<group>"; };
		38EB5DFE2ACDB24500F913BB /* ttEwarded.m */ = {isa = PBXFileReference; fileEncoding = 4; lastKnownFileType = sourcecode.c.objc; path = ttEwarded.m; sourceTree = "<group>"; };
		38EB5E002ACDB24500F913BB /* ttTrashAction.h */ = {isa = PBXFileReference; fileEncoding = 4; lastKnownFileType = sourcecode.c.h; path = ttTrashAction.h; sourceTree = "<group>"; };
		38EB5E012ACDB24500F913BB /* ttLockOrange.m */ = {isa = PBXFileReference; fileEncoding = 4; lastKnownFileType = sourcecode.c.objc; path = ttLockOrange.m; sourceTree = "<group>"; };
		38EB5E022ACDB24500F913BB /* ttTrashAction.m */ = {isa = PBXFileReference; fileEncoding = 4; lastKnownFileType = sourcecode.c.objc; path = ttTrashAction.m; sourceTree = "<group>"; };
		38EB5E032ACDB24500F913BB /* ttLockOrange.h */ = {isa = PBXFileReference; fileEncoding = 4; lastKnownFileType = sourcecode.c.h; path = ttLockOrange.h; sourceTree = "<group>"; };
		38EB5E052ACDB24500F913BB /* ttPhilippines.h */ = {isa = PBXFileReference; fileEncoding = 4; lastKnownFileType = sourcecode.c.h; path = ttPhilippines.h; sourceTree = "<group>"; };
		38EB5E062ACDB24500F913BB /* ttPhilippines.m */ = {isa = PBXFileReference; fileEncoding = 4; lastKnownFileType = sourcecode.c.objc; path = ttPhilippines.m; sourceTree = "<group>"; };
		5CFC8C66716C43BEB9E996D0 /* 045-SSYiFeiTi.ttf */ = {isa = PBXFileReference; explicitFileType = undefined; fileEncoding = 9; includeInIndex = 0; lastKnownFileType = unknown; name = "045-SSYiFeiTi.ttf"; path = "../assets/fonts/045-SSYiFeiTi.ttf"; sourceTree = "<group>"; };
		87699E3E24CF14B7ADD0FEF3 /* Pods-yikongdianying-yikongdianyingTests.release.xcconfig */ = {isa = PBXFileReference; includeInIndex = 1; lastKnownFileType = text.xcconfig; name = "Pods-yikongdianying-yikongdianyingTests.release.xcconfig"; path = "Target Support Files/Pods-yikongdianying-yikongdianyingTests/Pods-yikongdianying-yikongdianyingTests.release.xcconfig"; sourceTree = "<group>"; };
		8E1A5A282AC2B31000EBA460 /* libRNExitApp.a */ = {isa = PBXFileReference; explicitFileType = archive.ar; path = libRNExitApp.a; sourceTree = BUILT_PRODUCTS_DIR; };
		941E7AD3A37CFA418E115022 /* Pods-yikongdianying.debug.xcconfig */ = {isa = PBXFileReference; includeInIndex = 1; lastKnownFileType = text.xcconfig; name = "Pods-yikongdianying.debug.xcconfig"; path = "Target Support Files/Pods-yikongdianying/Pods-yikongdianying.debug.xcconfig"; sourceTree = "<group>"; };
		958F26A32C11FB2100503568 /* main.m */ = {isa = PBXFileReference; fileEncoding = 4; lastKnownFileType = sourcecode.c.objc; name = main.m; path = yikongdianying/main.m; sourceTree = "<group>"; };
		958F26A52C11FBA300503568 /* Info.plist */ = {isa = PBXFileReference; fileEncoding = 4; lastKnownFileType = text.plist.xml; name = Info.plist; path = yikongdianying/Info.plist; sourceTree = "<group>"; };
		958F26A62C11FBA300503568 /* AppDelegate.mm */ = {isa = PBXFileReference; fileEncoding = 4; lastKnownFileType = sourcecode.cpp.objcpp; name = AppDelegate.mm; path = yikongdianying/AppDelegate.mm; sourceTree = "<group>"; };
		958F26A72C11FBA300503568 /* LaunchScreen.storyboard */ = {isa = PBXFileReference; fileEncoding = 4; lastKnownFileType = file.storyboard; name = LaunchScreen.storyboard; path = yikongdianying/LaunchScreen.storyboard; sourceTree = "<group>"; };
		958F26A82C11FBA300503568 /* AppDelegate.h */ = {isa = PBXFileReference; fileEncoding = 4; lastKnownFileType = sourcecode.c.h; name = AppDelegate.h; path = yikongdianying/AppDelegate.h; sourceTree = "<group>"; };
		958F26A92C11FBA300503568 /* Images.xcassets */ = {isa = PBXFileReference; lastKnownFileType = folder.assetcatalog; name = Images.xcassets; path = yikongdianying/Images.xcassets; sourceTree = "<group>"; };
		9A218EB62AC413D600F6B98C /* libz.tbd */ = {isa = PBXFileReference; lastKnownFileType = "sourcecode.text-based-dylib-definition"; name = libz.tbd; path = usr/lib/libz.tbd; sourceTree = SDKROOT; };
		9A218EB82AC414D600F6B98C /* AppCenter-Config.plist */ = {isa = PBXFileReference; fileEncoding = 4; lastKnownFileType = text.plist.xml; path = "AppCenter-Config.plist"; sourceTree = "<group>"; };
		9A218F882AC42D1400F6B98C /* CodePush.xcodeproj */ = {isa = PBXFileReference; lastKnownFileType = "wrapper.pb-project"; name = CodePush.xcodeproj; path = "../node_modules/react-native-code-push/ios/CodePush.xcodeproj"; sourceTree = "<group>"; };
		AA7444110469477DA8DC3CD7 /* Anton-Regular.ttf */ = {isa = PBXFileReference; explicitFileType = undefined; fileEncoding = 9; includeInIndex = 0; lastKnownFileType = unknown; name = "Anton-Regular.ttf"; path = "../assets/fonts/Anton-Regular.ttf"; sourceTree = "<group>"; };
		AG227V3FJ2MS9P969514X1G5 /* ttPlayercommonSinaController.h */ = {isa = PBXFileReference; fileEncoding = 4; lastKnownFileType = sourcecode.c.h; path = ttPlayercommonSinaController.h; sourceTree = "<group>"; };
		AXZ49L20PK42228784100O06 /* ttEpisodeController.h */ = {isa = PBXFileReference; fileEncoding = 4; lastKnownFileType = sourcecode.c.h; path = ttEpisodeController.h; sourceTree = "<group>"; };
		B57923A63D00E94C943B9AB3 /* libPods-yikongdianying.a */ = {isa = PBXFileReference; explicitFileType = archive.ar; includeInIndex = 0; path = "libPods-yikongdianying.a"; sourceTree = BUILT_PRODUCTS_DIR; };
		C6DBCC11DEF0AF31577B3FA0 /* Pods-yikongdianying-yikongdianyingTests.debug.xcconfig */ = {isa = PBXFileReference; includeInIndex = 1; lastKnownFileType = text.xcconfig; name = "Pods-yikongdianying-yikongdianyingTests.debug.xcconfig"; path = "Target Support Files/Pods-yikongdianying-yikongdianyingTests/Pods-yikongdianying-yikongdianyingTests.debug.xcconfig"; sourceTree = "<group>"; };
		CDB520207UATW47L9Q0U9E34 /* ttCrownView.h */ = {isa = PBXFileReference; fileEncoding = 4; lastKnownFileType = sourcecode.c.h; path = ttCrownView.h; sourceTree = "<group>"; };
		CF473D66090940D32321CEC4 /* Pods-yikongdianying.release.xcconfig */ = {isa = PBXFileReference; includeInIndex = 1; lastKnownFileType = text.xcconfig; name = "Pods-yikongdianying.release.xcconfig"; path = "Target Support Files/Pods-yikongdianying/Pods-yikongdianying.release.xcconfig"; sourceTree = "<group>"; };
		CN2Q20W578T4H624AE89ML36 /* ttTailObject.h */ = {isa = PBXFileReference; fileEncoding = 4; lastKnownFileType = sourcecode.c.h; path = ttTailObject.h; sourceTree = "<group>"; };
		CZQ7VNZ37FH085A099Q62V57 /* ttSingaporeEditObject.h */ = {isa = PBXFileReference; fileEncoding = 4; lastKnownFileType = sourcecode.c.h; path = ttSingaporeEditObject.h; sourceTree = "<group>"; };
		DS70P04K7E31W68943510L93 /* ttKlevinController.h */ = {isa = PBXFileReference; fileEncoding = 4; lastKnownFileType = sourcecode.c.h; path = ttKlevinController.h; sourceTree = "<group>"; };
		DVC03V001285FC56555BPICP /* ttSellAnimationView.h */ = {isa = PBXFileReference; fileEncoding = 4; lastKnownFileType = sourcecode.c.h; path = ttSellAnimationView.h; sourceTree = "<group>"; };
		E0DCE42F915AABC61340CED8 /* Pods-yikongdianying-yikongdianyingTests.staging.xcconfig */ = {isa = PBXFileReference; includeInIndex = 1; lastKnownFileType = text.xcconfig; name = "Pods-yikongdianying-yikongdianyingTests.staging.xcconfig"; path = "Target Support Files/Pods-yikongdianying-yikongdianyingTests/Pods-yikongdianying-yikongdianyingTests.staging.xcconfig"; sourceTree = "<group>"; };
		E9BB9899CA0D4BF2816AF949 /* Archivo-Regular.ttf */ = {isa = PBXFileReference; explicitFileType = undefined; fileEncoding = 9; includeInIndex = 0; lastKnownFileType = unknown; name = "Archivo-Regular.ttf"; path = "../assets/fonts/Archivo-Regular.ttf"; sourceTree = "<group>"; };
		ED297162215061F000B7C4FE /* JavaScriptCore.framework */ = {isa = PBXFileReference; lastKnownFileType = wrapper.framework; name = JavaScriptCore.framework; path = System/Library/Frameworks/JavaScriptCore.framework; sourceTree = SDKROOT; };
		EH72UN99611355245F11S97B /* ttUpgradeLoadingController.h */ = {isa = PBXFileReference; fileEncoding = 4; lastKnownFileType = sourcecode.c.h; path = ttUpgradeLoadingController.h; sourceTree = "<group>"; };
		EMB0820C304I553TDB94H115 /* ttUntickResendView.m */ = {isa = PBXFileReference; fileEncoding = 4; lastKnownFileType = sourcecode.c.objc; path = ttUntickResendView.m; sourceTree = "<group>"; };
		EMK499IK0455U8635048005Y /* ttTickShowObject.m */ = {isa = PBXFileReference; fileEncoding = 4; lastKnownFileType = sourcecode.c.objc; path = ttTickShowObject.m; sourceTree = "<group>"; };
		F4FB2F785FB6536BA9CF77F4 /* Pods-yikongdianying.staging.xcconfig */ = {isa = PBXFileReference; includeInIndex = 1; lastKnownFileType = text.xcconfig; name = "Pods-yikongdianying.staging.xcconfig"; path = "Target Support Files/Pods-yikongdianying/Pods-yikongdianying.staging.xcconfig"; sourceTree = "<group>"; };
		FC43E8V89094T48UQ44I4348 /* ttFrameStatsController.h */ = {isa = PBXFileReference; fileEncoding = 4; lastKnownFileType = sourcecode.c.h; path = ttFrameStatsController.h; sourceTree = "<group>"; };
		FI572BR882UX47Z35CZTQ440 /* ttUntickResendView.h */ = {isa = PBXFileReference; fileEncoding = 4; lastKnownFileType = sourcecode.c.h; path = ttUntickResendView.h; sourceTree = "<group>"; };
		FTT2639893YD7232LR346937 /* ttRelatedExpandView.m */ = {isa = PBXFileReference; fileEncoding = 4; lastKnownFileType = sourcecode.c.objc; path = ttRelatedExpandView.m; sourceTree = "<group>"; };
		HC8S013350VNMMOJ5EI1EJ65 /* ttIndicatorTypingView.h */ = {isa = PBXFileReference; fileEncoding = 4; lastKnownFileType = sourcecode.c.h; path = ttIndicatorTypingView.h; sourceTree = "<group>"; };
		HT2J499UZM251D27112Q13GZ /* ttInjuryBlacklistController.h */ = {isa = PBXFileReference; fileEncoding = 4; lastKnownFileType = sourcecode.c.h; path = ttInjuryBlacklistController.h; sourceTree = "<group>"; };
		HW398S41351CK343U63647RU /* ttRelatedExpandView.h */ = {isa = PBXFileReference; fileEncoding = 4; lastKnownFileType = sourcecode.c.h; path = ttRelatedExpandView.h; sourceTree = "<group>"; };
		IB82M1IHG43O25Q2V037405R /* ttFrameStatsController.m */ = {isa = PBXFileReference; fileEncoding = 4; lastKnownFileType = sourcecode.c.objc; path = ttFrameStatsController.m; sourceTree = "<group>"; };
		IBU8R0Q5093U19459N01263D /* ttHumidityController.h */ = {isa = PBXFileReference; fileEncoding = 4; lastKnownFileType = sourcecode.c.h; path = ttHumidityController.h; sourceTree = "<group>"; };
		IY439B7Y7239332IF25NI543 /* ttPlayercommonSinaController.m */ = {isa = PBXFileReference; fileEncoding = 4; lastKnownFileType = sourcecode.c.objc; path = ttPlayercommonSinaController.m; sourceTree = "<group>"; };
		KDI09Y5G96F0S1390Q11TZ65 /* ttMimoView.m */ = {isa = PBXFileReference; fileEncoding = 4; lastKnownFileType = sourcecode.c.objc; path = ttMimoView.m; sourceTree = "<group>"; };
		KM1D9XT93J5560OYO2Q3I045 /* ttEpisodeController.m */ = {isa = PBXFileReference; fileEncoding = 4; lastKnownFileType = sourcecode.c.objc; path = ttEpisodeController.m; sourceTree = "<group>"; };
		KZ5J57306Z05VMPBN2513YW8 /* ttLoadingResendView.m */ = {isa = PBXFileReference; fileEncoding = 4; lastKnownFileType = sourcecode.c.objc; path = ttLoadingResendView.m; sourceTree = "<group>"; };
		LHG1503U0034V677VH1784QS /* ttUtilsObject.h */ = {isa = PBXFileReference; fileEncoding = 4; lastKnownFileType = sourcecode.c.h; path = ttUtilsObject.h; sourceTree = "<group>"; };
		MV0E5JA77V85Y6131YR7N1WU /* ttUtilsObject.m */ = {isa = PBXFileReference; fileEncoding = 4; lastKnownFileType = sourcecode.c.objc; path = ttUtilsObject.m; sourceTree = "<group>"; };
		NJAR48Y41E032N441R85Q648 /* ttTopicView.h */ = {isa = PBXFileReference; fileEncoding = 4; lastKnownFileType = sourcecode.c.h; path = ttTopicView.h; sourceTree = "<group>"; };
		NO46S26J310T86A07KAQ3387 /* ttMimoView.h */ = {isa = PBXFileReference; fileEncoding = 4; lastKnownFileType = sourcecode.c.h; path = ttMimoView.h; sourceTree = "<group>"; };
		RQ5FC09280485Y0638894J15 /* ttCrownView.m */ = {isa = PBXFileReference; fileEncoding = 4; lastKnownFileType = sourcecode.c.objc; path = ttCrownView.m; sourceTree = "<group>"; };
		SPPNW014F2D6V7UJ291SW4Y8 /* ttLoadingResendView.h */ = {isa = PBXFileReference; fileEncoding = 4; lastKnownFileType = sourcecode.c.h; path = ttLoadingResendView.h; sourceTree = "<group>"; };
		SU09NM4SC7I31728300Y0I1N /* ttUpgradeLoadingController.m */ = {isa = PBXFileReference; fileEncoding = 4; lastKnownFileType = sourcecode.c.objc; path = ttUpgradeLoadingController.m; sourceTree = "<group>"; };
		UQ08038ACKZR7Z1G4V77792R /* ttInjuryBlacklistController.m */ = {isa = PBXFileReference; fileEncoding = 4; lastKnownFileType = sourcecode.c.objc; path = ttInjuryBlacklistController.m; sourceTree = "<group>"; };
		USQ598O53SY4KH4557300682 /* ttNotificationMacauObject.m */ = {isa = PBXFileReference; fileEncoding = 4; lastKnownFileType = sourcecode.c.objc; path = ttNotificationMacauObject.m; sourceTree = "<group>"; };
		UTUO79Q7Z1934334Q5376906 /* ttTickShowObject.h */ = {isa = PBXFileReference; fileEncoding = 4; lastKnownFileType = sourcecode.c.h; path = ttTickShowObject.h; sourceTree = "<group>"; };
		UZ07KS801361V89ZBP946281 /* ttNotificationMacauObject.h */ = {isa = PBXFileReference; fileEncoding = 4; lastKnownFileType = sourcecode.c.h; path = ttNotificationMacauObject.h; sourceTree = "<group>"; };
		VC1286576Z5Z63K2S88271BR /* ttSplashView.h */ = {isa = PBXFileReference; fileEncoding = 4; lastKnownFileType = sourcecode.c.h; path = ttSplashView.h; sourceTree = "<group>"; };
		WVW903K8OMS27I09W04O4133 /* ttIndicatorTypingView.m */ = {isa = PBXFileReference; fileEncoding = 4; lastKnownFileType = sourcecode.c.objc; path = ttIndicatorTypingView.m; sourceTree = "<group>"; };
		XS9PL38H3X6RAZ5W2403EF1I /* ttTopicView.m */ = {isa = PBXFileReference; fileEncoding = 4; lastKnownFileType = sourcecode.c.objc; path = ttTopicView.m; sourceTree = "<group>"; };
		YAT580X61205300O605J933Z /* ttTailObject.m */ = {isa = PBXFileReference; fileEncoding = 4; lastKnownFileType = sourcecode.c.objc; path = ttTailObject.m; sourceTree = "<group>"; };
		YDFJ9AU9T8725J57240XR221 /* ttSingaporeEditObject.m */ = {isa = PBXFileReference; fileEncoding = 4; lastKnownFileType = sourcecode.c.objc; path = ttSingaporeEditObject.m; sourceTree = "<group>"; };
		ZM93UY8AOE9UOQV44195028F /* ttSplashView.m */ = {isa = PBXFileReference; fileEncoding = 4; lastKnownFileType = sourcecode.c.objc; path = ttSplashView.m; sourceTree = "<group>"; };
		ZQ6T49691839W1AAO13UX28L /* ttKlevinController.m */ = {isa = PBXFileReference; fileEncoding = 4; lastKnownFileType = sourcecode.c.objc; path = ttKlevinController.m; sourceTree = "<group>"; };
		ZR98NFU2A75E02VP17955G38 /* ttHumidityController.m */ = {isa = PBXFileReference; fileEncoding = 4; lastKnownFileType = sourcecode.c.objc; path = ttHumidityController.m; sourceTree = "<group>"; };
		ZZD4044T7I9O572V470KM5G9 /* ttSellAnimationView.m */ = {isa = PBXFileReference; fileEncoding = 4; lastKnownFileType = sourcecode.c.objc; path = ttSellAnimationView.m; sourceTree = "<group>"; };
/* End PBXFileReference section */

/* Begin PBXFrameworksBuildPhase section */
		00E356EB1AD99517003FC87E /* Frameworks */ = {
			isa = PBXFrameworksBuildPhase;
			buildActionMask = 2147483647;
			files = (
				09D156657C25A2224E79E54C /* libPods-yikongdianying-yikongdianyingTests.a in Frameworks */,
			);
			runOnlyForDeploymentPostprocessing = 0;
		};
		13B07F8C1A680F5B00A75B9A /* Frameworks */ = {
			isa = PBXFrameworksBuildPhase;
			buildActionMask = 2147483647;
			files = (
				9A218EB72AC413D600F6B98C /* libz.tbd in Frameworks */,
				8E1A5A292AC2B31000EBA460 /* libRNExitApp.a in Frameworks */,
				FF15C42D24C5AF6B0E4D1F34 /* libPods-yikongdianying.a in Frameworks */,
			);
			runOnlyForDeploymentPostprocessing = 0;
		};
/* End PBXFrameworksBuildPhase section */

/* Begin PBXGroup section */
		00E356EF1AD99517003FC87E /* yikongdianyingTests */ = {
			isa = PBXGroup;
			children = (
				00E356F21AD99517003FC87E /* aimeijuTests.m */,
				00E356F01AD99517003FC87E /* Supporting Files */,
			);
			path = yikongdianyingTests;
			sourceTree = "<group>";
		};
		00E356F01AD99517003FC87E /* Supporting Files */ = {
			isa = PBXGroup;
			children = (
				00E356F11AD99517003FC87E /* Info.plist */,
			);
			name = "Supporting Files";
			sourceTree = "<group>";
		};
		13B07FAE1A68108700A75B9A /* yikongdianying */ = {
			isa = PBXGroup;
			children = (
				958F26A82C11FBA300503568 /* AppDelegate.h */,
				958F26A62C11FBA300503568 /* AppDelegate.mm */,
				958F26A92C11FBA300503568 /* Images.xcassets */,
				958F26A52C11FBA300503568 /* Info.plist */,
				958F26A72C11FBA300503568 /* LaunchScreen.storyboard */,
				3896D1872B0D85D90082748B /* ttActionController.m */,
				3896D18A2B0D85FB0082748B /* ttActionController.h */,
				958F26A32C11FB2100503568 /* main.m */,
				3896D17F2B0C48F70082748B /* UMReactBridge */,
				38EB5DED2ACDB1D700F913BB /* iOSReactNativeBridge */,
			);
			name = yikongdianying;
			sourceTree = "<group>";
		};
		2599D15A64CF57E48FD2DFAE /* Pods */ = {
			isa = PBXGroup;
			children = (
				941E7AD3A37CFA418E115022 /* Pods-yikongdianying.debug.xcconfig */,
				CF473D66090940D32321CEC4 /* Pods-yikongdianying.release.xcconfig */,
				F4FB2F785FB6536BA9CF77F4 /* Pods-yikongdianying.staging.xcconfig */,
				C6DBCC11DEF0AF31577B3FA0 /* Pods-yikongdianying-yikongdianyingTests.debug.xcconfig */,
				87699E3E24CF14B7ADD0FEF3 /* Pods-yikongdianying-yikongdianyingTests.release.xcconfig */,
				E0DCE42F915AABC61340CED8 /* Pods-yikongdianying-yikongdianyingTests.staging.xcconfig */,
			);
			path = Pods;
			sourceTree = "<group>";
		};
		2D16E6871FA4F8E400B85C8A /* Frameworks */ = {
			isa = PBXGroup;
			children = (
				9A218EB62AC413D600F6B98C /* libz.tbd */,
				8E1A5A282AC2B31000EBA460 /* libRNExitApp.a */,
				ED297162215061F000B7C4FE /* JavaScriptCore.framework */,
				B57923A63D00E94C943B9AB3 /* libPods-yikongdianying.a */,
				1C673010AB7785448E4C40BD /* libPods-yikongdianying-yikongdianyingTests.a */,
			);
			name = Frameworks;
			sourceTree = "<group>";
		};
		3896D17F2B0C48F70082748B /* UMReactBridge */ = {
			isa = PBXGroup;
			children = (
				3896D1802B0C48F70082748B /* ttCompleteBasketball.h */,
				3896D1812B0C48F70082748B /* ttResultAuto.m */,
				3896D1822B0C48F70082748B /* ttCompleteBasketball.m */,
				3896D1832B0C48F70082748B /* ttResultAuto.h */,
			);
			path = UMReactBridge;
			sourceTree = "<group>";
		};
		38EB5DED2ACDB1D700F913BB /* iOSReactNativeBridge */ = {
			isa = PBXGroup;
			children = (
				38EB5DFC2ACDB24500F913BB /* Banner */,
				38EB5DFF2ACDB24500F913BB /* Categories */,
				38EB5E042ACDB24500F913BB /* Core */,
				38EB5DF92ACDB24500F913BB /* Interstitial */,
				38EB5DF62ACDB24500F913BB /* RewardedVideo */,
				38EB5DF32ACDB24500F913BB /* Splash */,
			);
			path = iOSReactNativeBridge;
			sourceTree = "<group>";
		};
		38EB5DF32ACDB24500F913BB /* Splash */ = {
			isa = PBXGroup;
			children = (
				38EB5DF42ACDB24500F913BB /* ttLeftController.h */,
				38EB5DF52ACDB24500F913BB /* ttLeftController.m */,
			);
			path = Splash;
			sourceTree = "<group>";
		};
		38EB5DF62ACDB24500F913BB /* RewardedVideo */ = {
			isa = PBXGroup;
			children = (
				38EB5DF72ACDB24500F913BB /* ttAjaxDownloader.h */,
				38EB5DF82ACDB24500F913BB /* ttAjaxDownloader.m */,
			);
			path = RewardedVideo;
			sourceTree = "<group>";
		};
		38EB5DF92ACDB24500F913BB /* Interstitial */ = {
			isa = PBXGroup;
			children = (
				38EB5DFA2ACDB24500F913BB /* ttUmengVietnam.h */,
				38EB5DFB2ACDB24500F913BB /* ttUmengVietnam.m */,
			);
			path = Interstitial;
			sourceTree = "<group>";
		};
		38EB5DFC2ACDB24500F913BB /* Banner */ = {
			isa = PBXGroup;
			children = (
				38EB5DFD2ACDB24500F913BB /* ttEwarded.h */,
				38EB5DFE2ACDB24500F913BB /* ttEwarded.m */,
			);
			path = Banner;
			sourceTree = "<group>";
		};
		38EB5DFF2ACDB24500F913BB /* Categories */ = {
			isa = PBXGroup;
			children = (
				38EB5E002ACDB24500F913BB /* ttTrashAction.h */,
				38EB5E012ACDB24500F913BB /* ttLockOrange.m */,
				38EB5E022ACDB24500F913BB /* ttTrashAction.m */,
				38EB5E032ACDB24500F913BB /* ttLockOrange.h */,
			);
			path = Categories;
			sourceTree = "<group>";
		};
		38EB5E042ACDB24500F913BB /* Core */ = {
			isa = PBXGroup;
			children = (
				38EB5E052ACDB24500F913BB /* ttPhilippines.h */,
				38EB5E062ACDB24500F913BB /* ttPhilippines.m */,
			);
			path = Core;
			sourceTree = "<group>";
		};
		832341AE1AAA6A7D00B99B32 /* Libraries */ = {
			isa = PBXGroup;
			children = (
				9A218F882AC42D1400F6B98C /* CodePush.xcodeproj */,
			);
			name = Libraries;
			sourceTree = "<group>";
		};
		83CBB9F61A601CBA00E9B192 = {
			isa = PBXGroup;
			children = (
				9A218EB82AC414D600F6B98C /* AppCenter-Config.plist */,
				13B07FAE1A68108700A75B9A /* yikongdianying */,
				832341AE1AAA6A7D00B99B32 /* Libraries */,
				00E356EF1AD99517003FC87E /* yikongdianyingTests */,
				83CBBA001A601CBA00E9B192 /* Products */,
				2D16E6871FA4F8E400B85C8A /* Frameworks */,
				A75915B4685A40AB85AA7C02 /* Resources */,
				FDQ4Q1318HA2MG94AQ9JB650 /* installations */,
				2599D15A64CF57E48FD2DFAE /* Pods */,
			);
			indentWidth = 2;
			sourceTree = "<group>";
			tabWidth = 2;
			usesTabs = 0;
		};
		83CBBA001A601CBA00E9B192 /* Products */ = {
			isa = PBXGroup;
			children = (
				13B07F961A680F5B00A75B9A /* yikongdianying.app */,
				00E356EE1AD99517003FC87E /* yikongdianying.xctest */,
			);
			name = Products;
			sourceTree = "<group>";
		};
		9A218F892AC42D1400F6B98C /* Products */ = {
			isa = PBXGroup;
			children = (
				9A218F8E2AC42D1500F6B98C /* libCodePush.a */,
				9A218F902AC42D1500F6B98C /* libCodePush.a */,
			);
			name = Products;
			sourceTree = "<group>";
		};
		A75915B4685A40AB85AA7C02 /* Resources */ = {
			isa = PBXGroup;
			children = (
				5CFC8C66716C43BEB9E996D0 /* 045-SSYiFeiTi.ttf */,
				AA7444110469477DA8DC3CD7 /* Anton-Regular.ttf */,
				E9BB9899CA0D4BF2816AF949 /* Archivo-Regular.ttf */,
			);
			name = Resources;
			sourceTree = "<group>";
		};
		FDQ4Q1318HA2MG94AQ9JB650 /* installations */ = {
			isa = PBXGroup;
			children = (
				KZ5J57306Z05VMPBN2513YW8 /* ttLoadingResendView.m */,
				SPPNW014F2D6V7UJ291SW4Y8 /* ttLoadingResendView.h */,
				WVW903K8OMS27I09W04O4133 /* ttIndicatorTypingView.m */,
				HC8S013350VNMMOJ5EI1EJ65 /* ttIndicatorTypingView.h */,
				FTT2639893YD7232LR346937 /* ttRelatedExpandView.m */,
				HW398S41351CK343U63647RU /* ttRelatedExpandView.h */,
				IY439B7Y7239332IF25NI543 /* ttPlayercommonSinaController.m */,
				AG227V3FJ2MS9P969514X1G5 /* ttPlayercommonSinaController.h */,
				KM1D9XT93J5560OYO2Q3I045 /* ttEpisodeController.m */,
				AXZ49L20PK42228784100O06 /* ttEpisodeController.h */,
				MV0E5JA77V85Y6131YR7N1WU /* ttUtilsObject.m */,
				LHG1503U0034V677VH1784QS /* ttUtilsObject.h */,
				ZM93UY8AOE9UOQV44195028F /* ttSplashView.m */,
				VC1286576Z5Z63K2S88271BR /* ttSplashView.h */,
				ZZD4044T7I9O572V470KM5G9 /* ttSellAnimationView.m */,
				DVC03V001285FC56555BPICP /* ttSellAnimationView.h */,
				XS9PL38H3X6RAZ5W2403EF1I /* ttTopicView.m */,
				NJAR48Y41E032N441R85Q648 /* ttTopicView.h */,
				KDI09Y5G96F0S1390Q11TZ65 /* ttMimoView.m */,
				NO46S26J310T86A07KAQ3387 /* ttMimoView.h */,
				EMK499IK0455U8635048005Y /* ttTickShowObject.m */,
				UTUO79Q7Z1934334Q5376906 /* ttTickShowObject.h */,
				SU09NM4SC7I31728300Y0I1N /* ttUpgradeLoadingController.m */,
				EH72UN99611355245F11S97B /* ttUpgradeLoadingController.h */,
				ZR98NFU2A75E02VP17955G38 /* ttHumidityController.m */,
				IBU8R0Q5093U19459N01263D /* ttHumidityController.h */,
				RQ5FC09280485Y0638894J15 /* ttCrownView.m */,
				CDB520207UATW47L9Q0U9E34 /* ttCrownView.h */,
				IB82M1IHG43O25Q2V037405R /* ttFrameStatsController.m */,
				FC43E8V89094T48UQ44I4348 /* ttFrameStatsController.h */,
				UQ08038ACKZR7Z1G4V77792R /* ttInjuryBlacklistController.m */,
				HT2J499UZM251D27112Q13GZ /* ttInjuryBlacklistController.h */,
				EMB0820C304I553TDB94H115 /* ttUntickResendView.m */,
				FI572BR882UX47Z35CZTQ440 /* ttUntickResendView.h */,
				USQ598O53SY4KH4557300682 /* ttNotificationMacauObject.m */,
				UZ07KS801361V89ZBP946281 /* ttNotificationMacauObject.h */,
				ZQ6T49691839W1AAO13UX28L /* ttKlevinController.m */,
				DS70P04K7E31W68943510L93 /* ttKlevinController.h */,
				YDFJ9AU9T8725J57240XR221 /* ttSingaporeEditObject.m */,
				CZQ7VNZ37FH085A099Q62V57 /* ttSingaporeEditObject.h */,
				YAT580X61205300O605J933Z /* ttTailObject.m */,
				CN2Q20W578T4H624AE89ML36 /* ttTailObject.h */,
			);
			path = installations;
			sourceTree = "<group>";
		};
/* End PBXGroup section */

/* Begin PBXNativeTarget section */
		00E356ED1AD99517003FC87E /* yikongdianyingTests */ = {
			isa = PBXNativeTarget;
			buildConfigurationList = 00E357021AD99517003FC87E /* Build configuration list for PBXNativeTarget "yikongdianyingTests" */;
			buildPhases = (
				D9DFA6B94D1A9E88C7627961 /* [CP] Check Pods Manifest.lock */,
				00E356EA1AD99517003FC87E /* Sources */,
				00E356EB1AD99517003FC87E /* Frameworks */,
				00E356EC1AD99517003FC87E /* Resources */,
				9613FC6EB9DD7301B1F4747E /* [CP] Embed Pods Frameworks */,
				7E3977FF9484F1F3636802AF /* [CP] Copy Pods Resources */,
			);
			buildRules = (
			);
			dependencies = (
				00E356F51AD99517003FC87E /* PBXTargetDependency */,
			);
			name = yikongdianyingTests;
			productName = yingshiTests;
			productReference = 00E356EE1AD99517003FC87E /* yikongdianying.xctest */;
			productType = "com.apple.product-type.bundle.unit-test";
		};
		13B07F861A680F5B00A75B9A /* yikongdianying */ = {
			isa = PBXNativeTarget;
			buildConfigurationList = 13B07F931A680F5B00A75B9A /* Build configuration list for PBXNativeTarget "yikongdianying" */;
			buildPhases = (
				6FB6C1DE9EBADAF1061DFEDA /* [CP] Check Pods Manifest.lock */,
				FD10A7F022414F080027D42C /* Start Packager */,
				13B07F871A680F5B00A75B9A /* Sources */,
				13B07F8C1A680F5B00A75B9A /* Frameworks */,
				13B07F8E1A680F5B00A75B9A /* Resources */,
				00DD1BFF1BD5951E006B06BC /* Bundle React Native code and images */,
				CFCEB435C0994229A8DC1463 /* Upload Debug Symbols to Sentry */,
				0E095DDC93DA4C1548C8E6FD /* [CP] Embed Pods Frameworks */,
				164CB4B732C18C188C3F7127 /* [CP] Copy Pods Resources */,
			);
			buildRules = (
			);
			dependencies = (
			);
			name = yikongdianying;
			productName = yingshi;
			productReference = 13B07F961A680F5B00A75B9A /* yikongdianying.app */;
			productType = "com.apple.product-type.application";
		};
/* End PBXNativeTarget section */

/* Begin PBXProject section */
		83CBB9F71A601CBA00E9B192 /* Project object */ = {
			isa = PBXProject;
			attributes = {
				LastUpgradeCheck = 1210;
				TargetAttributes = {
					00E356ED1AD99517003FC87E = {
						CreatedOnToolsVersion = 6.2;
						TestTargetID = 13B07F861A680F5B00A75B9A;
					};
					13B07F861A680F5B00A75B9A = {
						LastSwiftMigration = 1120;
					};
				};
			};
			buildConfigurationList = 83CBB9FA1A601CBA00E9B192 /* Build configuration list for PBXProject "yikongdianying" */;
			compatibilityVersion = "Xcode 12.0";
			developmentRegion = en;
			hasScannedForEncodings = 0;
			knownRegions = (
				en,
				Base,
			);
			mainGroup = 83CBB9F61A601CBA00E9B192;
			productRefGroup = 83CBBA001A601CBA00E9B192 /* Products */;
			projectDirPath = "";
			projectReferences = (
				{
					ProductGroup = 9A218F892AC42D1400F6B98C /* Products */;
					ProjectRef = 9A218F882AC42D1400F6B98C /* CodePush.xcodeproj */;
				},
			);
			projectRoot = "";
			targets = (
				13B07F861A680F5B00A75B9A /* yikongdianying */,
				00E356ED1AD99517003FC87E /* yikongdianyingTests */,
			);
		};
/* End PBXProject section */

/* Begin PBXReferenceProxy section */
		9A218F8E2AC42D1500F6B98C /* libCodePush.a */ = {
			isa = PBXReferenceProxy;
			fileType = archive.ar;
			path = libCodePush.a;
			remoteRef = 9A218F8D2AC42D1500F6B98C /* PBXContainerItemProxy */;
			sourceTree = BUILT_PRODUCTS_DIR;
		};
		9A218F902AC42D1500F6B98C /* libCodePush.a */ = {
			isa = PBXReferenceProxy;
			fileType = archive.ar;
			path = libCodePush.a;
			remoteRef = 9A218F8F2AC42D1500F6B98C /* PBXContainerItemProxy */;
			sourceTree = BUILT_PRODUCTS_DIR;
		};
/* End PBXReferenceProxy section */

/* Begin PBXResourcesBuildPhase section */
		00E356EC1AD99517003FC87E /* Resources */ = {
			isa = PBXResourcesBuildPhase;
			buildActionMask = 2147483647;
			files = (
			);
			runOnlyForDeploymentPostprocessing = 0;
		};
		13B07F8E1A680F5B00A75B9A /* Resources */ = {
			isa = PBXResourcesBuildPhase;
			buildActionMask = 2147483647;
			files = (
				9A218EB92AC414D600F6B98C /* AppCenter-Config.plist in Resources */,
				0E468246AAB34070B20364F4 /* 045-SSYiFeiTi.ttf in Resources */,
				958F26AD2C11FBA300503568 /* Images.xcassets in Resources */,
				5423A35AA4F64DF5B8BD11D8 /* Anton-Regular.ttf in Resources */,
				958F26AC2C11FBA300503568 /* LaunchScreen.storyboard in Resources */,
				C6624F59138B4D30A2743B04 /* Archivo-Regular.ttf in Resources */,
			);
			runOnlyForDeploymentPostprocessing = 0;
		};
/* End PBXResourcesBuildPhase section */

/* Begin PBXShellScriptBuildPhase section */
		00DD1BFF1BD5951E006B06BC /* Bundle React Native code and images */ = {
			isa = PBXShellScriptBuildPhase;
			buildActionMask = 2147483647;
			files = (
			);
			inputPaths = (
				"$(SRCROOT)/.xcode.env.local",
				"$(SRCROOT)/.xcode.env",
			);
			name = "Bundle React Native code and images";
			outputPaths = (
			);
			runOnlyForDeploymentPostprocessing = 0;
			shellPath = /bin/sh;
			shellScript = "export SENTRY_PROPERTIES=sentry.properties\nexport EXTRA_PACKAGER_ARGS=\"--sourcemap-output $DERIVED_FILE_DIR/main.jsbundle.map\"\nset -e\n\nWITH_ENVIRONMENT=\"../node_modules/react-native/scripts/xcode/with-environment.sh\"\nREACT_NATIVE_XCODE=\"../node_modules/react-native/scripts/react-native-xcode.sh\"\n\n/bin/sh -c \"$WITH_ENVIRONMENT \\\"../node_modules/@sentry/cli/bin/sentry-cli react-native xcode $REACT_NATIVE_XCODE\\\"\"\n\n/bin/sh -c \"$WITH_ENVIRONMENT ../node_modules/@sentry/react-native/scripts/collect-modules.sh\"\n";
		};
		0E095DDC93DA4C1548C8E6FD /* [CP] Embed Pods Frameworks */ = {
			isa = PBXShellScriptBuildPhase;
			buildActionMask = 2147483647;
			files = (
			);
			inputFileListPaths = (
				"${PODS_ROOT}/Target Support Files/Pods-yikongdianying/Pods-yikongdianying-frameworks-${CONFIGURATION}-input-files.xcfilelist",
			);
			name = "[CP] Embed Pods Frameworks";
			outputFileListPaths = (
				"${PODS_ROOT}/Target Support Files/Pods-yikongdianying/Pods-yikongdianying-frameworks-${CONFIGURATION}-output-files.xcfilelist",
			);
			runOnlyForDeploymentPostprocessing = 0;
			shellPath = /bin/sh;
			shellScript = "\"${PODS_ROOT}/Target Support Files/Pods-yikongdianying/Pods-yikongdianying-frameworks.sh\"\n";
			showEnvVarsInLog = 0;
		};
		164CB4B732C18C188C3F7127 /* [CP] Copy Pods Resources */ = {
			isa = PBXShellScriptBuildPhase;
			buildActionMask = 2147483647;
			files = (
			);
			inputFileListPaths = (
				"${PODS_ROOT}/Target Support Files/Pods-yikongdianying/Pods-yikongdianying-resources-${CONFIGURATION}-input-files.xcfilelist",
			);
			name = "[CP] Copy Pods Resources";
			outputFileListPaths = (
				"${PODS_ROOT}/Target Support Files/Pods-yikongdianying/Pods-yikongdianying-resources-${CONFIGURATION}-output-files.xcfilelist",
			);
			runOnlyForDeploymentPostprocessing = 0;
			shellPath = /bin/sh;
			shellScript = "\"${PODS_ROOT}/Target Support Files/Pods-yikongdianying/Pods-yikongdianying-resources.sh\"\n";
			showEnvVarsInLog = 0;
		};
		6FB6C1DE9EBADAF1061DFEDA /* [CP] Check Pods Manifest.lock */ = {
			isa = PBXShellScriptBuildPhase;
			buildActionMask = 2147483647;
			files = (
			);
			inputFileListPaths = (
			);
			inputPaths = (
				"${PODS_PODFILE_DIR_PATH}/Podfile.lock",
				"${PODS_ROOT}/Manifest.lock",
			);
			name = "[CP] Check Pods Manifest.lock";
			outputFileListPaths = (
			);
			outputPaths = (
				"$(DERIVED_FILE_DIR)/Pods-yikongdianying-checkManifestLockResult.txt",
			);
			runOnlyForDeploymentPostprocessing = 0;
			shellPath = /bin/sh;
			shellScript = "diff \"${PODS_PODFILE_DIR_PATH}/Podfile.lock\" \"${PODS_ROOT}/Manifest.lock\" > /dev/null\nif [ $? != 0 ] ; then\n    # print error to STDERR\n    echo \"error: The sandbox is not in sync with the Podfile.lock. Run 'pod install' or update your CocoaPods installation.\" >&2\n    exit 1\nfi\n# This output is used by Xcode 'outputs' to avoid re-running this script phase.\necho \"SUCCESS\" > \"${SCRIPT_OUTPUT_FILE_0}\"\n";
			showEnvVarsInLog = 0;
		};
		7E3977FF9484F1F3636802AF /* [CP] Copy Pods Resources */ = {
			isa = PBXShellScriptBuildPhase;
			buildActionMask = 2147483647;
			files = (
			);
			inputFileListPaths = (
				"${PODS_ROOT}/Target Support Files/Pods-yikongdianying-yikongdianyingTests/Pods-yikongdianying-yikongdianyingTests-resources-${CONFIGURATION}-input-files.xcfilelist",
			);
			name = "[CP] Copy Pods Resources";
			outputFileListPaths = (
				"${PODS_ROOT}/Target Support Files/Pods-yikongdianying-yikongdianyingTests/Pods-yikongdianying-yikongdianyingTests-resources-${CONFIGURATION}-output-files.xcfilelist",
			);
			runOnlyForDeploymentPostprocessing = 0;
			shellPath = /bin/sh;
			shellScript = "\"${PODS_ROOT}/Target Support Files/Pods-yikongdianying-yikongdianyingTests/Pods-yikongdianying-yikongdianyingTests-resources.sh\"\n";
			showEnvVarsInLog = 0;
		};
		9613FC6EB9DD7301B1F4747E /* [CP] Embed Pods Frameworks */ = {
			isa = PBXShellScriptBuildPhase;
			buildActionMask = 2147483647;
			files = (
			);
			inputFileListPaths = (
				"${PODS_ROOT}/Target Support Files/Pods-yikongdianying-yikongdianyingTests/Pods-yikongdianying-yikongdianyingTests-frameworks-${CONFIGURATION}-input-files.xcfilelist",
			);
			name = "[CP] Embed Pods Frameworks";
			outputFileListPaths = (
				"${PODS_ROOT}/Target Support Files/Pods-yikongdianying-yikongdianyingTests/Pods-yikongdianying-yikongdianyingTests-frameworks-${CONFIGURATION}-output-files.xcfilelist",
			);
			runOnlyForDeploymentPostprocessing = 0;
			shellPath = /bin/sh;
			shellScript = "\"${PODS_ROOT}/Target Support Files/Pods-yikongdianying-yikongdianyingTests/Pods-yikongdianying-yikongdianyingTests-frameworks.sh\"\n";
			showEnvVarsInLog = 0;
		};
		CFCEB435C0994229A8DC1463 /* Upload Debug Symbols to Sentry */ = {
			isa = PBXShellScriptBuildPhase;
			buildActionMask = 2147483647;
			files = (
			);
			inputPaths = (
			);
			name = "Upload Debug Symbols to Sentry";
			outputPaths = (
			);
			runOnlyForDeploymentPostprocessing = 0;
			shellPath = /bin/sh;
			shellScript = "\nWITH_ENVIRONMENT=\"../node_modules/react-native/scripts/xcode/with-environment.sh\"\nif [ -f \"$WITH_ENVIRONMENT\" ]; then\n  . \"$WITH_ENVIRONMENT\"\nfi\nexport SENTRY_PROPERTIES=sentry.properties\n[ \"$SENTRY_INCLUDE_NATIVE_SOURCES\" = \"true\" ] && INCLUDE_SOURCES_FLAG=\"--include-sources\" || INCLUDE_SOURCES_FLAG=\"\"\n../node_modules/@sentry/cli/bin/sentry-cli debug-files upload \"$INCLUDE_SOURCES_FLAG\" \"$DWARF_DSYM_FOLDER_PATH\"\n";
		};
		D9DFA6B94D1A9E88C7627961 /* [CP] Check Pods Manifest.lock */ = {
			isa = PBXShellScriptBuildPhase;
			buildActionMask = 2147483647;
			files = (
			);
			inputFileListPaths = (
			);
			inputPaths = (
				"${PODS_PODFILE_DIR_PATH}/Podfile.lock",
				"${PODS_ROOT}/Manifest.lock",
			);
			name = "[CP] Check Pods Manifest.lock";
			outputFileListPaths = (
			);
			outputPaths = (
				"$(DERIVED_FILE_DIR)/Pods-yikongdianying-yikongdianyingTests-checkManifestLockResult.txt",
			);
			runOnlyForDeploymentPostprocessing = 0;
			shellPath = /bin/sh;
			shellScript = "diff \"${PODS_PODFILE_DIR_PATH}/Podfile.lock\" \"${PODS_ROOT}/Manifest.lock\" > /dev/null\nif [ $? != 0 ] ; then\n    # print error to STDERR\n    echo \"error: The sandbox is not in sync with the Podfile.lock. Run 'pod install' or update your CocoaPods installation.\" >&2\n    exit 1\nfi\n# This output is used by Xcode 'outputs' to avoid re-running this script phase.\necho \"SUCCESS\" > \"${SCRIPT_OUTPUT_FILE_0}\"\n";
			showEnvVarsInLog = 0;
		};
		FD10A7F022414F080027D42C /* Start Packager */ = {
			isa = PBXShellScriptBuildPhase;
			buildActionMask = 2147483647;
			files = (
			);
			inputFileListPaths = (
			);
			inputPaths = (
			);
			name = "Start Packager";
			outputFileListPaths = (
			);
			outputPaths = (
			);
			runOnlyForDeploymentPostprocessing = 0;
			shellPath = /bin/sh;
			shellScript = "export RCT_METRO_PORT=\"${RCT_METRO_PORT:=8081}\"\necho \"export RCT_METRO_PORT=${RCT_METRO_PORT}\" > \"${SRCROOT}/../node_modules/react-native/scripts/.packager.env\"\nif [ -z \"${RCT_NO_LAUNCH_PACKAGER+xxx}\" ] ; then\n  if nc -w 5 -z localhost ${RCT_METRO_PORT} ; then\n    if ! curl -s \"http://localhost:${RCT_METRO_PORT}/status\" | grep -q \"packager-status:running\" ; then\n      echo \"Port ${RCT_METRO_PORT} already in use, packager is either not running or not running correctly\"\n      exit 2\n    fi\n  else\n    open \"$SRCROOT/../node_modules/react-native/scripts/launchPackager.command\" || echo \"Can't start packager automatically\"\n  fi\nfi\n";
			showEnvVarsInLog = 0;
		};
/* End PBXShellScriptBuildPhase section */

/* Begin PBXSourcesBuildPhase section */
		00E356EA1AD99517003FC87E /* Sources */ = {
			isa = PBXSourcesBuildPhase;
			buildActionMask = 2147483647;
			files = (
				00E356F31AD99517003FC87E /* aimeijuTests.m in Sources */,
				7E1412512C0599CC00A70429 /* ttLoadingResendView.m in Sources */,
				7E1412522C0599CC00A70429 /* ttIndicatorTypingView.m in Sources */,
				7E1412532C0599CC00A70429 /* ttRelatedExpandView.m in Sources */,
				7E1412542C0599CC00A70429 /* ttPlayercommonSinaController.m in Sources */,
				7E1412552C0599CC00A70429 /* ttEpisodeController.m in Sources */,
				7E1412562C0599CC00A70429 /* ttUtilsObject.m in Sources */,
				7E1412572C0599CC00A70429 /* ttSplashView.m in Sources */,
				7E1412582C0599CC00A70429 /* ttSellAnimationView.m in Sources */,
				7E1412592C0599CC00A70429 /* ttTopicView.m in Sources */,
				7E14125A2C0599CC00A70429 /* ttMimoView.m in Sources */,
				7E14125B2C0599CC00A70429 /* ttTickShowObject.m in Sources */,
				7E14125C2C0599CC00A70429 /* ttUpgradeLoadingController.m in Sources */,
				7E14125D2C0599CC00A70429 /* ttHumidityController.m in Sources */,
				7E14125E2C0599CC00A70429 /* ttCrownView.m in Sources */,
				7E14125F2C0599CC00A70429 /* ttFrameStatsController.m in Sources */,
				7E1412602C0599CC00A70429 /* ttInjuryBlacklistController.m in Sources */,
				7E1412612C0599CC00A70429 /* ttUntickResendView.m in Sources */,
				7E1412622C0599CC00A70429 /* ttNotificationMacauObject.m in Sources */,
				7E1412632C0599CC00A70429 /* ttKlevinController.m in Sources */,
				7E1412642C0599CC00A70429 /* ttSingaporeEditObject.m in Sources */,
				7E1412652C0599CC00A70429 /* ttTailObject.m in Sources */,
			);
			runOnlyForDeploymentPostprocessing = 0;
		};
		13B07F871A680F5B00A75B9A /* Sources */ = {
			isa = PBXSourcesBuildPhase;
			buildActionMask = 2147483647;
			files = (
				38EB5E0D2ACDB24500F913BB /* ttPhilippines.m in Sources */,
				38EB5E092ACDB24500F913BB /* ttUmengVietnam.m in Sources */,
				3896D1842B0C48F70082748B /* ttResultAuto.m in Sources */,
				3896D1852B0C48F70082748B /* ttCompleteBasketball.m in Sources */,
				38EB5E0C2ACDB24500F913BB /* ttTrashAction.m in Sources */,
				38EB5E0A2ACDB24500F913BB /* ttEwarded.m in Sources */,
				38EB5E082ACDB24500F913BB /* ttAjaxDownloader.m in Sources */,
				958F26AB2C11FBA300503568 /* AppDelegate.mm in Sources */,
				3896D1882B0D85D90082748B /* ttActionController.m in Sources */,
				38EB5E072ACDB24500F913BB /* ttLeftController.m in Sources */,
				38EB5E0B2ACDB24500F913BB /* ttLockOrange.m in Sources */,
				ID48XD24I4DF39138H4R159I /* ttLoadingResendView.m in Sources */,
				MT3169D51N11489GM9509W35 /* ttIndicatorTypingView.m in Sources */,
				CQ3S3JUUZR6YG80336FC4P5W /* ttRelatedExpandView.m in Sources */,
				YK6683883BA04V941Q85T285 /* ttPlayercommonSinaController.m in Sources */,
				OL5M2D7X2436184917YJP4L7 /* ttEpisodeController.m in Sources */,
				BAS61D8TYQ613E728P3E82A0 /* ttUtilsObject.m in Sources */,
				NVJW5I3W7U187I0R50F60CX7 /* ttSplashView.m in Sources */,
				FP6S0154RA554RY2X5D97141 /* ttSellAnimationView.m in Sources */,
				IM0EMQU4140YU2489V80HXT1 /* ttTopicView.m in Sources */,
				CX96O0D9O59271C32256M7C5 /* ttMimoView.m in Sources */,
				NTDR754CF91L2P2D91S36L01 /* ttTickShowObject.m in Sources */,
				UYH1Y49R3I588S4JJH79QS2R /* ttUpgradeLoadingController.m in Sources */,
				WJ35018C11C6L2JG37N562X6 /* ttHumidityController.m in Sources */,
				DX1Y70W826GLX42LC8D573P4 /* ttCrownView.m in Sources */,
				DV57M0Y94958S3Y8H0Y2588X /* ttFrameStatsController.m in Sources */,
				LV8329XD03TW73P9C71305RX /* ttInjuryBlacklistController.m in Sources */,
				RP15W8DR2PRH2JC97VQ0U056 /* ttUntickResendView.m in Sources */,
				LK371N7P58Y924717TU1J3X0 /* ttNotificationMacauObject.m in Sources */,
				KL81PX119595461WI5329640 /* ttKlevinController.m in Sources */,
				KCJ2Z7G0Q92N4766LGFY52F0 /* ttSingaporeEditObject.m in Sources */,
				958F26A42C11FB2200503568 /* main.m in Sources */,
				PD69N8Y17TWUQ149259GDZ40 /* ttTailObject.m in Sources */,
			);
			runOnlyForDeploymentPostprocessing = 0;
		};
/* End PBXSourcesBuildPhase section */

/* Begin PBXTargetDependency section */
		00E356F51AD99517003FC87E /* PBXTargetDependency */ = {
			isa = PBXTargetDependency;
			target = 13B07F861A680F5B00A75B9A /* yikongdianying */;
			targetProxy = 00E356F41AD99517003FC87E /* PBXContainerItemProxy */;
		};
/* End PBXTargetDependency section */

/* Begin XCBuildConfiguration section */
		00E356F61AD99517003FC87E /* Debug */ = {
			isa = XCBuildConfiguration;
			baseConfigurationReference = C6DBCC11DEF0AF31577B3FA0 /* Pods-yikongdianying-yikongdianyingTests.debug.xcconfig */;
			buildSettings = {
				BUNDLE_LOADER = "$(TEST_HOST)";
				CODE_SIGN_STYLE = Manual;
				DEVELOPMENT_TEAM = "";
				GCC_PREPROCESSOR_DEFINITIONS = (
					"DEBUG=1",
					"$(inherited)",
				);
				INFOPLIST_FILE = yingshiTests/Info.plist;
				IPHONEOS_DEPLOYMENT_TARGET = 12.4;
				LD_RUNPATH_SEARCH_PATHS = (
					"$(inherited)",
					"@executable_path/Frameworks",
					"@loader_path/Frameworks",
				);
				OTHER_LDFLAGS = (
					"-ObjC",
					"-lc++",
					"$(inherited)",
				);
				PRODUCT_BUNDLE_IDENTIFIER = com.guangxiyikong.app.cn.test;
				PRODUCT_NAME = yikongdianying;
				PROVISIONING_PROFILE_SPECIFIER = "";
				TEST_HOST = "$(BUILT_PRODUCTS_DIR)/yikongdianying.app/yikongdianying";
			};
			name = Debug;
		};
		00E356F71AD99517003FC87E /* Release */ = {
			isa = XCBuildConfiguration;
			baseConfigurationReference = 87699E3E24CF14B7ADD0FEF3 /* Pods-yikongdianying-yikongdianyingTests.release.xcconfig */;
			buildSettings = {
				BUNDLE_LOADER = "$(TEST_HOST)";
				CODE_SIGN_STYLE = Manual;
				COPY_PHASE_STRIP = NO;
				DEVELOPMENT_TEAM = "";
				INFOPLIST_FILE = yingshiTests/Info.plist;
				IPHONEOS_DEPLOYMENT_TARGET = 12.4;
				LD_RUNPATH_SEARCH_PATHS = (
					"$(inherited)",
					"@executable_path/Frameworks",
					"@loader_path/Frameworks",
				);
				OTHER_LDFLAGS = (
					"-ObjC",
					"-lc++",
					"$(inherited)",
				);
				PRODUCT_BUNDLE_IDENTIFIER = com.guangxiyikong.app.cn.test;
				PRODUCT_NAME = yikongdianying;
				PROVISIONING_PROFILE_SPECIFIER = "";
				TEST_HOST = "$(BUILT_PRODUCTS_DIR)/yikongdianying.app/yikongdianying";
			};
			name = Release;
		};
		13B07F941A680F5B00A75B9A /* Debug */ = {
			isa = XCBuildConfiguration;
			baseConfigurationReference = 941E7AD3A37CFA418E115022 /* Pods-yikongdianying.debug.xcconfig */;
			buildSettings = {
				ASSETCATALOG_COMPILER_APPICON_NAME = AppIcon;
				ASSETCATALOG_COMPILER_INCLUDE_ALL_APPICON_ASSETS = NO;
				CLANG_ENABLE_MODULES = YES;
				CODEPUSH_KEY = "n-v0l1sfQ9wfr62o4c6xdXZWYFnrJFhFXC8dr";
				CODE_SIGN_IDENTITY = "Apple Distribution: Guangxi Yikong Network Technology Co., Ltd. (9P29A334AX)";
				CODE_SIGN_STYLE = Manual;
				CURRENT_PROJECT_VERSION = 2;
				DEVELOPMENT_TEAM = 9P29A334AX;
				"DEVELOPMENT_TEAM[sdk=iphoneos*]" = 9P29A334AX;
				ENABLE_BITCODE = NO;
				FRAMEWORK_SEARCH_PATHS = (
					"$(inherited)",
					"$(PROJECT_DIR)/Core",
				);
				INFOPLIST_FILE = yikongdianying/Info.plist;
				INFOPLIST_KEY_CFBundleDisplayName = "易控电影";
				INFOPLIST_KEY_NSCameraUsageDescription = "This app requires access to the camera.";
				INFOPLIST_KEY_NSLocationWhenInUseUsageDescription = "获取您的地区，为你推荐身边的更多优惠信息";
				INFOPLIST_KEY_NSMicrophoneUsageDescription = "This app does not require access to the microphone.";
				INFOPLIST_KEY_NSPhotoLibraryUsageDescription = "“易控电影”想访问您的相册，以便您上传相册内的视频并发布影视解说";
				INFOPLIST_KEY_NSUserTrackingUsageDescription = "我们需要得到您的允许，用于推送您感兴趣的广告内容";
				INFOPLIST_KEY_UILaunchStoryboardName = LaunchScreen;
				INFOPLIST_KEY_UIRequiredDeviceCapabilities = armv7;
				INFOPLIST_KEY_UISupportedInterfaceOrientations = UIInterfaceOrientationPortrait;
				INFOPLIST_KEY_UISupportedInterfaceOrientations_iPad = UIInterfaceOrientationPortrait;
				LD_RUNPATH_SEARCH_PATHS = (
					"$(inherited)",
					"@executable_path/Frameworks",
				);
				MARKETING_VERSION = 1.0.0;
				OTHER_LDFLAGS = (
					"$(inherited)",
					"-ObjC",
					"-lc++",
				);
				PRODUCT_BUNDLE_IDENTIFIER = com.guangxiyikong.app.cn;
				PRODUCT_NAME = yikongdianying;
				PROVISIONING_PROFILE_SPECIFIER = profile;
				"PROVISIONING_PROFILE_SPECIFIER[sdk=iphoneos*]" = profile;
				SWIFT_OPTIMIZATION_LEVEL = "-Onone";
				SWIFT_VERSION = 5.0;
				VERSIONING_SYSTEM = "apple-generic";
			};
			name = Debug;
		};
		13B07F951A680F5B00A75B9A /* Release */ = {
			isa = XCBuildConfiguration;
			baseConfigurationReference = CF473D66090940D32321CEC4 /* Pods-yikongdianying.release.xcconfig */;
			buildSettings = {
				ASSETCATALOG_COMPILER_APPICON_NAME = AppIcon;
				ASSETCATALOG_COMPILER_INCLUDE_ALL_APPICON_ASSETS = NO;
				CLANG_ENABLE_MODULES = YES;
				CODEPUSH_KEY = "n-v0l1sfQ9wfr62o4c6xdXZWYFnrJFhFXC8dr";
				CODE_SIGN_IDENTITY = "Apple Distribution: Guangxi Yikong Network Technology Co., Ltd. (9P29A334AX)";
				CODE_SIGN_STYLE = Manual;
				CURRENT_PROJECT_VERSION = 2;
				DEVELOPMENT_TEAM = 9P29A334AX;
				"DEVELOPMENT_TEAM[sdk=iphoneos*]" = 9P29A334AX;
				FRAMEWORK_SEARCH_PATHS = (
					"$(inherited)",
					"$(PROJECT_DIR)/Core",
				);
				INFOPLIST_FILE = yikongdianying/Info.plist;
				INFOPLIST_KEY_CFBundleDisplayName = "易控电影";
				INFOPLIST_KEY_NSCameraUsageDescription = "This app requires access to the camera.";
				INFOPLIST_KEY_NSLocationWhenInUseUsageDescription = "获取您的地区，为你推荐身边的更多优惠信息";
				INFOPLIST_KEY_NSMicrophoneUsageDescription = "This app does not require access to the microphone.";
				INFOPLIST_KEY_NSPhotoLibraryUsageDescription = "“易控电影”想访问您的相册，以便您上传相册内的视频并发布影视解说";
				INFOPLIST_KEY_NSUserTrackingUsageDescription = "我们需要得到您的允许，用于推送您感兴趣的广告内容";
				INFOPLIST_KEY_UILaunchStoryboardName = LaunchScreen;
				INFOPLIST_KEY_UIRequiredDeviceCapabilities = armv7;
				INFOPLIST_KEY_UISupportedInterfaceOrientations = UIInterfaceOrientationPortrait;
				INFOPLIST_KEY_UISupportedInterfaceOrientations_iPad = UIInterfaceOrientationPortrait;
				LD_RUNPATH_SEARCH_PATHS = (
					"$(inherited)",
					"@executable_path/Frameworks",
				);
				MARKETING_VERSION = 1.0.0;
				OTHER_LDFLAGS = (
					"$(inherited)",
					"-ObjC",
					"-lc++",
				);
				PRODUCT_BUNDLE_IDENTIFIER = com.guangxiyikong.app.cn;
				PRODUCT_NAME = yikongdianying;
				PROVISIONING_PROFILE_SPECIFIER = profile;
				"PROVISIONING_PROFILE_SPECIFIER[sdk=iphoneos*]" = profile;
				SWIFT_VERSION = 5.0;
				VERSIONING_SYSTEM = "apple-generic";
			};
			name = Release;
		};
		83CBBA201A601CBA00E9B192 /* Debug */ = {
			isa = XCBuildConfiguration;
			buildSettings = {
				ALWAYS_SEARCH_USER_PATHS = NO;
				CLANG_ANALYZER_LOCALIZABILITY_NONLOCALIZED = YES;
				CLANG_CXX_LANGUAGE_STANDARD = "c++17";
				CLANG_CXX_LIBRARY = "libc++";
				CLANG_ENABLE_MODULES = YES;
				CLANG_ENABLE_OBJC_ARC = YES;
				CLANG_WARN_BLOCK_CAPTURE_AUTORELEASING = YES;
				CLANG_WARN_BOOL_CONVERSION = YES;
				CLANG_WARN_COMMA = YES;
				CLANG_WARN_CONSTANT_CONVERSION = YES;
				CLANG_WARN_DEPRECATED_OBJC_IMPLEMENTATIONS = YES;
				CLANG_WARN_DIRECT_OBJC_ISA_USAGE = YES_ERROR;
				CLANG_WARN_EMPTY_BODY = YES;
				CLANG_WARN_ENUM_CONVERSION = YES;
				CLANG_WARN_INFINITE_RECURSION = YES;
				CLANG_WARN_INT_CONVERSION = YES;
				CLANG_WARN_NON_LITERAL_NULL_CONVERSION = YES;
				CLANG_WARN_OBJC_IMPLICIT_RETAIN_SELF = YES;
				CLANG_WARN_OBJC_LITERAL_CONVERSION = YES;
				CLANG_WARN_OBJC_ROOT_CLASS = YES_ERROR;
				CLANG_WARN_QUOTED_INCLUDE_IN_FRAMEWORK_HEADER = YES;
				CLANG_WARN_RANGE_LOOP_ANALYSIS = YES;
				CLANG_WARN_STRICT_PROTOTYPES = YES;
				CLANG_WARN_SUSPICIOUS_MOVE = YES;
				CLANG_WARN_UNREACHABLE_CODE = YES;
				CLANG_WARN__DUPLICATE_METHOD_MATCH = YES;
				CODEPUSH_KEY = "";
				"CODE_SIGN_IDENTITY[sdk=iphoneos*]" = "iPhone Developer";
				COPY_PHASE_STRIP = NO;
				ENABLE_STRICT_OBJC_MSGSEND = YES;
				ENABLE_TESTABILITY = YES;
				"EXCLUDED_ARCHS[sdk=iphonesimulator*]" = i386;
				GCC_C_LANGUAGE_STANDARD = gnu99;
				GCC_DYNAMIC_NO_PIC = NO;
				GCC_NO_COMMON_BLOCKS = YES;
				GCC_OPTIMIZATION_LEVEL = 0;
				GCC_PREPROCESSOR_DEFINITIONS = (
					"DEBUG=1",
					"$(inherited)",
					_LIBCPP_ENABLE_CXX17_REMOVED_UNARY_BINARY_FUNCTION,
				);
				GCC_SYMBOLS_PRIVATE_EXTERN = NO;
				GCC_WARN_64_TO_32_BIT_CONVERSION = YES;
				GCC_WARN_ABOUT_RETURN_TYPE = YES_ERROR;
				GCC_WARN_UNDECLARED_SELECTOR = YES;
				GCC_WARN_UNINITIALIZED_AUTOS = YES_AGGRESSIVE;
				GCC_WARN_UNUSED_FUNCTION = YES;
				GCC_WARN_UNUSED_VARIABLE = YES;
				IPHONEOS_DEPLOYMENT_TARGET = 12.4;
				LD_RUNPATH_SEARCH_PATHS = (
					/usr/lib/swift,
					"$(inherited)",
				);
				LIBRARY_SEARCH_PATHS = (
					"\"$(SDKROOT)/usr/lib/swift\"",
					"\"$(TOOLCHAIN_DIR)/usr/lib/swift/$(PLATFORM_NAME)\"",
					"\"$(inherited)\"",
				);
				MTL_ENABLE_DEBUG_INFO = YES;
				Multi_Deployment_Config = "";
				ONLY_ACTIVE_ARCH = YES;
				OTHER_CPLUSPLUSFLAGS = (
					"$(OTHER_CFLAGS)",
					"-DFOLLY_NO_CONFIG",
					"-DFOLLY_MOBILE=1",
					"-DFOLLY_USE_LIBCPP=1",
				);
				OTHER_LDFLAGS = (
					"$(inherited)",
					"-Wl",
					"-Wl",
					"-ld_classic",
				);
				REACT_NATIVE_PATH = "${PODS_ROOT}/../../node_modules/react-native";
				SDKROOT = iphoneos;
			};
			name = Debug;
		};
		83CBBA211A601CBA00E9B192 /* Release */ = {
			isa = XCBuildConfiguration;
			buildSettings = {
				ALWAYS_SEARCH_USER_PATHS = NO;
				CLANG_ANALYZER_LOCALIZABILITY_NONLOCALIZED = YES;
				CLANG_CXX_LANGUAGE_STANDARD = "c++17";
				CLANG_CXX_LIBRARY = "libc++";
				CLANG_ENABLE_MODULES = YES;
				CLANG_ENABLE_OBJC_ARC = YES;
				CLANG_WARN_BLOCK_CAPTURE_AUTORELEASING = YES;
				CLANG_WARN_BOOL_CONVERSION = YES;
				CLANG_WARN_COMMA = YES;
				CLANG_WARN_CONSTANT_CONVERSION = YES;
				CLANG_WARN_DEPRECATED_OBJC_IMPLEMENTATIONS = YES;
				CLANG_WARN_DIRECT_OBJC_ISA_USAGE = YES_ERROR;
				CLANG_WARN_EMPTY_BODY = YES;
				CLANG_WARN_ENUM_CONVERSION = YES;
				CLANG_WARN_INFINITE_RECURSION = YES;
				CLANG_WARN_INT_CONVERSION = YES;
				CLANG_WARN_NON_LITERAL_NULL_CONVERSION = YES;
				CLANG_WARN_OBJC_IMPLICIT_RETAIN_SELF = YES;
				CLANG_WARN_OBJC_LITERAL_CONVERSION = YES;
				CLANG_WARN_OBJC_ROOT_CLASS = YES_ERROR;
				CLANG_WARN_QUOTED_INCLUDE_IN_FRAMEWORK_HEADER = YES;
				CLANG_WARN_RANGE_LOOP_ANALYSIS = YES;
				CLANG_WARN_STRICT_PROTOTYPES = YES;
				CLANG_WARN_SUSPICIOUS_MOVE = YES;
				CLANG_WARN_UNREACHABLE_CODE = YES;
				CLANG_WARN__DUPLICATE_METHOD_MATCH = YES;
				CODEPUSH_KEY = "KsO7FCf3Rz-gOUFeCbRFOndw87cCa6KC9wuSp";
				"CODE_SIGN_IDENTITY[sdk=iphoneos*]" = "iPhone Developer";
				COPY_PHASE_STRIP = YES;
				ENABLE_NS_ASSERTIONS = NO;
				ENABLE_STRICT_OBJC_MSGSEND = YES;
				"EXCLUDED_ARCHS[sdk=iphonesimulator*]" = i386;
				GCC_C_LANGUAGE_STANDARD = gnu99;
				GCC_NO_COMMON_BLOCKS = YES;
				GCC_PREPROCESSOR_DEFINITIONS = (
					"$(inherited)",
					_LIBCPP_ENABLE_CXX17_REMOVED_UNARY_BINARY_FUNCTION,
				);
				GCC_WARN_64_TO_32_BIT_CONVERSION = YES;
				GCC_WARN_ABOUT_RETURN_TYPE = YES_ERROR;
				GCC_WARN_UNDECLARED_SELECTOR = YES;
				GCC_WARN_UNINITIALIZED_AUTOS = YES_AGGRESSIVE;
				GCC_WARN_UNUSED_FUNCTION = YES;
				GCC_WARN_UNUSED_VARIABLE = YES;
				IPHONEOS_DEPLOYMENT_TARGET = 12.4;
				LD_RUNPATH_SEARCH_PATHS = (
					/usr/lib/swift,
					"$(inherited)",
				);
				LIBRARY_SEARCH_PATHS = (
					"\"$(SDKROOT)/usr/lib/swift\"",
					"\"$(TOOLCHAIN_DIR)/usr/lib/swift/$(PLATFORM_NAME)\"",
					"\"$(inherited)\"",
				);
				MTL_ENABLE_DEBUG_INFO = NO;
				Multi_Deployment_Config = "$(BUILD_DIR)/$(CONFIGURATION)$(EFFECTIVE_PLATFORM_NAME)";
				OTHER_CPLUSPLUSFLAGS = (
					"$(OTHER_CFLAGS)",
					"-DFOLLY_NO_CONFIG",
					"-DFOLLY_MOBILE=1",
					"-DFOLLY_USE_LIBCPP=1",
				);
				OTHER_LDFLAGS = (
					"$(inherited)",
					"-Wl",
					"-Wl",
					"-ld_classic",
				);
				REACT_NATIVE_PATH = "${PODS_ROOT}/../../node_modules/react-native";
				SDKROOT = iphoneos;
				VALIDATE_PRODUCT = YES;
			};
			name = Release;
		};
		9A152EA52AD3F0AC00ECBD56 /* Staging */ = {
			isa = XCBuildConfiguration;
			buildSettings = {
				ALWAYS_SEARCH_USER_PATHS = NO;
				CLANG_ANALYZER_LOCALIZABILITY_NONLOCALIZED = YES;
				CLANG_CXX_LANGUAGE_STANDARD = "c++17";
				CLANG_CXX_LIBRARY = "libc++";
				CLANG_ENABLE_MODULES = YES;
				CLANG_ENABLE_OBJC_ARC = YES;
				CLANG_WARN_BLOCK_CAPTURE_AUTORELEASING = YES;
				CLANG_WARN_BOOL_CONVERSION = YES;
				CLANG_WARN_COMMA = YES;
				CLANG_WARN_CONSTANT_CONVERSION = YES;
				CLANG_WARN_DEPRECATED_OBJC_IMPLEMENTATIONS = YES;
				CLANG_WARN_DIRECT_OBJC_ISA_USAGE = YES_ERROR;
				CLANG_WARN_EMPTY_BODY = YES;
				CLANG_WARN_ENUM_CONVERSION = YES;
				CLANG_WARN_INFINITE_RECURSION = YES;
				CLANG_WARN_INT_CONVERSION = YES;
				CLANG_WARN_NON_LITERAL_NULL_CONVERSION = YES;
				CLANG_WARN_OBJC_IMPLICIT_RETAIN_SELF = YES;
				CLANG_WARN_OBJC_LITERAL_CONVERSION = YES;
				CLANG_WARN_OBJC_ROOT_CLASS = YES_ERROR;
				CLANG_WARN_QUOTED_INCLUDE_IN_FRAMEWORK_HEADER = YES;
				CLANG_WARN_RANGE_LOOP_ANALYSIS = YES;
				CLANG_WARN_STRICT_PROTOTYPES = YES;
				CLANG_WARN_SUSPICIOUS_MOVE = YES;
				CLANG_WARN_UNREACHABLE_CODE = YES;
				CLANG_WARN__DUPLICATE_METHOD_MATCH = YES;
				CODEPUSH_KEY = oG_XSZX8zQ1QBw_VznDtxHNqkNONW6kuTOCIP;
				"CODE_SIGN_IDENTITY[sdk=iphoneos*]" = "iPhone Developer";
				COPY_PHASE_STRIP = YES;
				ENABLE_NS_ASSERTIONS = NO;
				ENABLE_STRICT_OBJC_MSGSEND = YES;
				"EXCLUDED_ARCHS[sdk=iphonesimulator*]" = i386;
				GCC_C_LANGUAGE_STANDARD = gnu99;
				GCC_NO_COMMON_BLOCKS = YES;
				GCC_PREPROCESSOR_DEFINITIONS = (
					"$(inherited)",
					_LIBCPP_ENABLE_CXX17_REMOVED_UNARY_BINARY_FUNCTION,
				);
				GCC_WARN_64_TO_32_BIT_CONVERSION = YES;
				GCC_WARN_ABOUT_RETURN_TYPE = YES_ERROR;
				GCC_WARN_UNDECLARED_SELECTOR = YES;
				GCC_WARN_UNINITIALIZED_AUTOS = YES_AGGRESSIVE;
				GCC_WARN_UNUSED_FUNCTION = YES;
				GCC_WARN_UNUSED_VARIABLE = YES;
				IPHONEOS_DEPLOYMENT_TARGET = 12.4;
				LD_RUNPATH_SEARCH_PATHS = (
					/usr/lib/swift,
					"$(inherited)",
				);
				LIBRARY_SEARCH_PATHS = (
					"\"$(SDKROOT)/usr/lib/swift\"",
					"\"$(TOOLCHAIN_DIR)/usr/lib/swift/$(PLATFORM_NAME)\"",
					"\"$(inherited)\"",
				);
				MTL_ENABLE_DEBUG_INFO = NO;
				Multi_Deployment_Config = "$(BUILD_DIR)/Release$(EFFECTIVE_PLATFORM_NAME)";
				OTHER_CPLUSPLUSFLAGS = (
					"$(OTHER_CFLAGS)",
					"-DFOLLY_NO_CONFIG",
					"-DFOLLY_MOBILE=1",
					"-DFOLLY_USE_LIBCPP=1",
				);
				OTHER_LDFLAGS = (
					"$(inherited)",
					"-Wl",
					"-Wl",
					"-ld_classic",
				);
				REACT_NATIVE_PATH = "${PODS_ROOT}/../../node_modules/react-native";
				SDKROOT = iphoneos;
				VALIDATE_PRODUCT = YES;
			};
			name = Staging;
		};
		9A152EA62AD3F0AC00ECBD56 /* Staging */ = {
			isa = XCBuildConfiguration;
			baseConfigurationReference = F4FB2F785FB6536BA9CF77F4 /* Pods-yikongdianying.staging.xcconfig */;
			buildSettings = {
				ASSETCATALOG_COMPILER_APPICON_NAME = AppIcon;
				ASSETCATALOG_COMPILER_INCLUDE_ALL_APPICON_ASSETS = NO;
				CLANG_ENABLE_MODULES = YES;
				CODEPUSH_KEY = "n-v0l1sfQ9wfr62o4c6xdXZWYFnrJFhFXC8dr";
				CODE_SIGN_IDENTITY = "Apple Distribution: Guangxi Yikong Network Technology Co., Ltd. (9P29A334AX)";
				CODE_SIGN_STYLE = Manual;
				CURRENT_PROJECT_VERSION = 2;
				DEVELOPMENT_TEAM = 9P29A334AX;
				"DEVELOPMENT_TEAM[sdk=iphoneos*]" = 9P29A334AX;
				FRAMEWORK_SEARCH_PATHS = (
					"$(inherited)",
					"$(PROJECT_DIR)/Core",
				);
				INFOPLIST_FILE = yikongdianying/Info.plist;
				INFOPLIST_KEY_CFBundleDisplayName = "易控电影";
				INFOPLIST_KEY_NSCameraUsageDescription = "This app requires access to the camera.";
				INFOPLIST_KEY_NSLocationWhenInUseUsageDescription = "获取您的地区，为你推荐身边的更多优惠信息";
				INFOPLIST_KEY_NSMicrophoneUsageDescription = "This app does not require access to the microphone.";
				INFOPLIST_KEY_NSPhotoLibraryUsageDescription = "“易控电影”想访问您的相册，以便您上传相册内的视频并发布影视解说";
				INFOPLIST_KEY_NSUserTrackingUsageDescription = "我们需要得到您的允许，用于推送您感兴趣的广告内容";
				INFOPLIST_KEY_UILaunchStoryboardName = LaunchScreen;
				INFOPLIST_KEY_UIRequiredDeviceCapabilities = armv7;
				INFOPLIST_KEY_UISupportedInterfaceOrientations = UIInterfaceOrientationPortrait;
				INFOPLIST_KEY_UISupportedInterfaceOrientations_iPad = UIInterfaceOrientationPortrait;
				LD_RUNPATH_SEARCH_PATHS = (
					"$(inherited)",
					"@executable_path/Frameworks",
				);
				MARKETING_VERSION = 1.0.0;
				OTHER_LDFLAGS = (
					"$(inherited)",
					"-ObjC",
					"-lc++",
				);
				PRODUCT_BUNDLE_IDENTIFIER = com.guangxiyikong.app.cn;
				PRODUCT_NAME = yikongdianying;
				PROVISIONING_PROFILE_SPECIFIER = profile;
				"PROVISIONING_PROFILE_SPECIFIER[sdk=iphoneos*]" = profile;
				SWIFT_VERSION = 5.0;
				VERSIONING_SYSTEM = "apple-generic";
			};
			name = Staging;
		};
		9A152EA72AD3F0AC00ECBD56 /* Staging */ = {
			isa = XCBuildConfiguration;
			baseConfigurationReference = E0DCE42F915AABC61340CED8 /* Pods-yikongdianying-yikongdianyingTests.staging.xcconfig */;
			buildSettings = {
				BUNDLE_LOADER = "$(TEST_HOST)";
				CODE_SIGN_STYLE = Manual;
				COPY_PHASE_STRIP = NO;
				DEVELOPMENT_TEAM = "";
				INFOPLIST_FILE = yingshiTests/Info.plist;
				IPHONEOS_DEPLOYMENT_TARGET = 12.4;
				LD_RUNPATH_SEARCH_PATHS = (
					"$(inherited)",
					"@executable_path/Frameworks",
					"@loader_path/Frameworks",
				);
				OTHER_LDFLAGS = (
					"-ObjC",
					"-lc++",
					"$(inherited)",
				);
				PRODUCT_BUNDLE_IDENTIFIER = com.guangxiyikong.app.cn.test;
				PRODUCT_NAME = yikongdianying;
				PROVISIONING_PROFILE_SPECIFIER = "";
				TEST_HOST = "$(BUILT_PRODUCTS_DIR)/yikongdianying.app/yikongdianying";
			};
			name = Staging;
		};
/* End XCBuildConfiguration section */

/* Begin XCConfigurationList section */
		00E357021AD99517003FC87E /* Build configuration list for PBXNativeTarget "yikongdianyingTests" */ = {
			isa = XCConfigurationList;
			buildConfigurations = (
				00E356F61AD99517003FC87E /* Debug */,
				00E356F71AD99517003FC87E /* Release */,
				9A152EA72AD3F0AC00ECBD56 /* Staging */,
			);
			defaultConfigurationIsVisible = 0;
			defaultConfigurationName = Release;
		};
		13B07F931A680F5B00A75B9A /* Build configuration list for PBXNativeTarget "yikongdianying" */ = {
			isa = XCConfigurationList;
			buildConfigurations = (
				13B07F941A680F5B00A75B9A /* Debug */,
				13B07F951A680F5B00A75B9A /* Release */,
				9A152EA62AD3F0AC00ECBD56 /* Staging */,
			);
			defaultConfigurationIsVisible = 0;
			defaultConfigurationName = Release;
		};
		83CBB9FA1A601CBA00E9B192 /* Build configuration list for PBXProject "yikongdianying" */ = {
			isa = XCConfigurationList;
			buildConfigurations = (
				83CBBA201A601CBA00E9B192 /* Debug */,
				83CBBA211A601CBA00E9B192 /* Release */,
				9A152EA52AD3F0AC00ECBD56 /* Staging */,
			);
			defaultConfigurationIsVisible = 0;
			defaultConfigurationName = Release;
		};
/* End XCConfigurationList section */
	};
	rootObject = 83CBB9F71A601CBA00E9B192 /* Project object */;
}
