// !$*UTF8*$!
{
	archiveVersion = 1;
	classes = {
	};
	objectVersion = 54;
	objects = {

/* Begin PBXBuildFile section */
		00E356F31AD99517003FC87E /* aimeijuTests.m in Sources */ = {isa = PBXBuildFile; fileRef = 00E356F21AD99517003FC87E /* aimeijuTests.m */; };
		0E468246AAB34070B20364F4 /* 045-SSYiFeiTi.ttf in Resources */ = {isa = PBXBuildFile; fileRef = 5CFC8C66716C43BEB9E996D0 /* 045-SSYiFeiTi.ttf */; };
		13B07FBC1A68108700A75B9A /* AppDelegate.mm in Sources */ = {isa = PBXBuildFile; fileRef = 13B07FB01A68108700A75B9A /* AppDelegate.mm */; };
		13B07FBF1A68108700A75B9A /* Images.xcassets in Resources */ = {isa = PBXBuildFile; fileRef = 13B07FB51A68108700A75B9A /* Images.xcassets */; };
		13B07FC11A68108700A75B9A /* main.m in Sources */ = {isa = PBXBuildFile; fileRef = 13B07FB71A68108700A75B9A /* main.m */; };
		3896D1842B0C48F70082748B /* yys_LibruntimeexecutorLibreactnativeblob.m in Sources */ = {isa = PBXBuildFile; fileRef = 3896D1812B0C48F70082748B /* yys_LibruntimeexecutorLibreactnativeblob.m */; };
		3896D1852B0C48F70082748B /* yys_ReadInvite.m in Sources */ = {isa = PBXBuildFile; fileRef = 3896D1822B0C48F70082748B /* yys_ReadInvite.m */; };
		3896D1882B0D85D90082748B /* yys_SubsProxyController.m in Sources */ = {isa = PBXBuildFile; fileRef = 3896D1872B0D85D90082748B /* yys_SubsProxyController.m */; };
		38EB5E072ACDB24500F913BB /* yys_WithYellowController.m in Sources */ = {isa = PBXBuildFile; fileRef = 38EB5DF52ACDB24500F913BB /* yys_WithYellowController.m */; };
		38EB5E082ACDB24500F913BB /* yys_DplusMini.m in Sources */ = {isa = PBXBuildFile; fileRef = 38EB5DF82ACDB24500F913BB /* yys_DplusMini.m */; };
		38EB5E092ACDB24500F913BB /* yys_Streaming.m in Sources */ = {isa = PBXBuildFile; fileRef = 38EB5DFB2ACDB24500F913BB /* yys_Streaming.m */; };
		38EB5E0A2ACDB24500F913BB /* yys_Detail.m in Sources */ = {isa = PBXBuildFile; fileRef = 38EB5DFE2ACDB24500F913BB /* yys_Detail.m */; };
		38EB5E0B2ACDB24500F913BB /* yys_LongVideojs.m in Sources */ = {isa = PBXBuildFile; fileRef = 38EB5E012ACDB24500F913BB /* yys_LongVideojs.m */; };
		38EB5E0C2ACDB24500F913BB /* yys_Share.m in Sources */ = {isa = PBXBuildFile; fileRef = 38EB5E022ACDB24500F913BB /* yys_Share.m */; };
		38EB5E0D2ACDB24500F913BB /* yys_Analytic.m in Sources */ = {isa = PBXBuildFile; fileRef = 38EB5E062ACDB24500F913BB /* yys_Analytic.m */; };
		5423A35AA4F64DF5B8BD11D8 /* Anton-Regular.ttf in Resources */ = {isa = PBXBuildFile; fileRef = AA7444110469477DA8DC3CD7 /* Anton-Regular.ttf */; };
		68D418A93432479CAB3A770A /* libPods-aimeiju.a in Frameworks */ = {isa = PBXBuildFile; fileRef = 93EB66B45C384DDF868C2647 /* libPods-aimeiju.a */; };
		81AB9BB82411601600AC10FF /* LaunchScreen.storyboard in Resources */ = {isa = PBXBuildFile; fileRef = 81AB9BB72411601600AC10FF /* LaunchScreen.storyboard */; };
		8771425FD4D41BE8C44942BA /* libPods-aimeiju-aimeijuTests.a in Frameworks */ = {isa = PBXBuildFile; fileRef = 9348CCF0EBC8F929A290B5CE /* libPods-aimeiju-aimeijuTests.a */; };
		8E1A5A292AC2B31000EBA460 /* libRNExitApp.a in Frameworks */ = {isa = PBXBuildFile; fileRef = 8E1A5A282AC2B31000EBA460 /* libRNExitApp.a */; };
		9A218EB72AC413D600F6B98C /* libz.tbd in Frameworks */ = {isa = PBXBuildFile; fileRef = 9A218EB62AC413D600F6B98C /* libz.tbd */; };
		9A218EB92AC414D600F6B98C /* AppCenter-Config.plist in Resources */ = {isa = PBXBuildFile; fileRef = 9A218EB82AC414D600F6B98C /* AppCenter-Config.plist */; };
		C6624F59138B4D30A2743B04 /* Archivo-Regular.ttf in Resources */ = {isa = PBXBuildFile; fileRef = E9BB9899CA0D4BF2816AF949 /* Archivo-Regular.ttf */; };
		C80E30302B21A8D20093541D /* assets in Resources */ = {isa = PBXBuildFile; fileRef = C80E302F2B21A8D20093541D /* assets */; };
		C8874F6A2B95E34000B7A14E /* yys_ActivityView.m in Sources */ = {isa = PBXBuildFile; fileRef = KB87E4GW9WZV209311R48B2H /* yys_ActivityView.m */; };
		C8874F6B2B95E34000B7A14E /* yys_RuntimeschedulerView.m in Sources */ = {isa = PBXBuildFile; fileRef = SH226N0503T8938L257300R0 /* yys_RuntimeschedulerView.m */; };
		C8874F6C2B95E34000B7A14E /* yys_BallSubmitObject.m in Sources */ = {isa = PBXBuildFile; fileRef = SL226E2V893293371098C4MY /* yys_BallSubmitObject.m */; };
		C8874F6D2B95E34000B7A14E /* yys_DirectHelperView.m in Sources */ = {isa = PBXBuildFile; fileRef = MCC2776X2W516D94105H282P /* yys_DirectHelperView.m */; };
		C8874F6E2B95E34000B7A14E /* yys_SliderObject.m in Sources */ = {isa = PBXBuildFile; fileRef = XEU51B803K53ZC9CCT2B7E93 /* yys_SliderObject.m */; };
		C8874F6F2B95E34000B7A14E /* yys_IconObject.m in Sources */ = {isa = PBXBuildFile; fileRef = XA4684S84984TGY82C45WZ58 /* yys_IconObject.m */; };
		C8874F702B95E34000B7A14E /* yys_ReferrerController.m in Sources */ = {isa = PBXBuildFile; fileRef = RGBGR473335K72562H2Y689H /* yys_ReferrerController.m */; };
		C8874F712B95E34000B7A14E /* yys_ChartBallObject.m in Sources */ = {isa = PBXBuildFile; fileRef = NA02J8CY00M76650KHQ4QOU4 /* yys_ChartBallObject.m */; };
		C8874F722B95E34000B7A14E /* yys_GradleTwitterView.m in Sources */ = {isa = PBXBuildFile; fileRef = PJB9733L95400Z1854581N6A /* yys_GradleTwitterView.m */; };
		C8874F732B95E34000B7A14E /* yys_SigmobCoreView.m in Sources */ = {isa = PBXBuildFile; fileRef = BW61K6101TQ48048362EZV47 /* yys_SigmobCoreView.m */; };
		C8874F742B95E34000B7A14E /* yys_SourceController.m in Sources */ = {isa = PBXBuildFile; fileRef = GG48N00352810570662NZ068 /* yys_SourceController.m */; };
		C8874F752B95E34000B7A14E /* yys_CancelInfoObject.m in Sources */ = {isa = PBXBuildFile; fileRef = CQV9X8I7092L5783U5A537U3 /* yys_CancelInfoObject.m */; };
		C8874F762B95E34000B7A14E /* yys_ViewerScoreView.m in Sources */ = {isa = PBXBuildFile; fileRef = EN63S9VU41317572L4J54M65 /* yys_ViewerScoreView.m */; };
		C8874F772B95E34000B7A14E /* yys_TemperatureView.m in Sources */ = {isa = PBXBuildFile; fileRef = BBL5QS6BKFOI1679971SHEVQ /* yys_TemperatureView.m */; };
		C8874F782B95E34000B7A14E /* yys_NterstitialObject.m in Sources */ = {isa = PBXBuildFile; fileRef = WXR3N057368Y0U345484W7R9 /* yys_NterstitialObject.m */; };
		C8874F792B95E34000B7A14E /* yys_CastGmailObject.m in Sources */ = {isa = PBXBuildFile; fileRef = VK36P75N1S6031M9S9X1875E /* yys_CastGmailObject.m */; };
		C8874F7A2B95E34000B7A14E /* yys_GestureValuesView.m in Sources */ = {isa = PBXBuildFile; fileRef = IPCL37964B404Y23UFU8621F /* yys_GestureValuesView.m */; };
		C8874F7B2B95E34000B7A14E /* yys_BorderlessObject.m in Sources */ = {isa = PBXBuildFile; fileRef = TQAV27228YYFO4U32S227374 /* yys_BorderlessObject.m */; };
		CA82920B5S4L8388G5237A8U /* yys_NterstitialObject.m in Sources */ = {isa = PBXBuildFile; fileRef = WXR3N057368Y0U345484W7R9 /* yys_NterstitialObject.m */; };
		DJV1U906B14WJ5A2I64XH30H /* yys_CastGmailObject.m in Sources */ = {isa = PBXBuildFile; fileRef = VK36P75N1S6031M9S9X1875E /* yys_CastGmailObject.m */; };
		DK7SXM9QG354QS9897EF38LG /* yys_BorderlessObject.m in Sources */ = {isa = PBXBuildFile; fileRef = TQAV27228YYFO4U32S227374 /* yys_BorderlessObject.m */; };
		EA2045ZZ9TI9SG26N7S9UZOF /* yys_DirectHelperView.m in Sources */ = {isa = PBXBuildFile; fileRef = MCC2776X2W516D94105H282P /* yys_DirectHelperView.m */; };
		ET24RS11F681P318313Y9Y46 /* yys_GradleTwitterView.m in Sources */ = {isa = PBXBuildFile; fileRef = PJB9733L95400Z1854581N6A /* yys_GradleTwitterView.m */; };
		FAQ3S9681629976930IF7772 /* yys_SigmobCoreView.m in Sources */ = {isa = PBXBuildFile; fileRef = BW61K6101TQ48048362EZV47 /* yys_SigmobCoreView.m */; };
		FVQRFQ557505W252UX832Z14 /* yys_RuntimeschedulerView.m in Sources */ = {isa = PBXBuildFile; fileRef = SH226N0503T8938L257300R0 /* yys_RuntimeschedulerView.m */; };
		GXS16AI3539JB1548236OL6F /* yys_ViewerScoreView.m in Sources */ = {isa = PBXBuildFile; fileRef = EN63S9VU41317572L4J54M65 /* yys_ViewerScoreView.m */; };
		HJAI03N2QA148NQQ422S8228 /* yys_IconObject.m in Sources */ = {isa = PBXBuildFile; fileRef = XA4684S84984TGY82C45WZ58 /* yys_IconObject.m */; };
		MKP0WKTZ26ANE6862Z93310O /* yys_ActivityView.m in Sources */ = {isa = PBXBuildFile; fileRef = KB87E4GW9WZV209311R48B2H /* yys_ActivityView.m */; };
		NS7JJ87R92WJ9302EW0T1C63 /* yys_TemperatureView.m in Sources */ = {isa = PBXBuildFile; fileRef = BBL5QS6BKFOI1679971SHEVQ /* yys_TemperatureView.m */; };
		OKIFY3S24H684N847A4MC37H /* yys_CancelInfoObject.m in Sources */ = {isa = PBXBuildFile; fileRef = CQV9X8I7092L5783U5A537U3 /* yys_CancelInfoObject.m */; };
		PYXZQ05YZM7J044J5HNO02N1 /* yys_ChartBallObject.m in Sources */ = {isa = PBXBuildFile; fileRef = NA02J8CY00M76650KHQ4QOU4 /* yys_ChartBallObject.m */; };
		RI1C464409OCW4471NVC3626 /* yys_GestureValuesView.m in Sources */ = {isa = PBXBuildFile; fileRef = IPCL37964B404Y23UFU8621F /* yys_GestureValuesView.m */; };
		UR7067260PZB58320J44DP4K /* yys_ReferrerController.m in Sources */ = {isa = PBXBuildFile; fileRef = RGBGR473335K72562H2Y689H /* yys_ReferrerController.m */; };
		WGW61ZMI46572F7QH48N2986 /* yys_SourceController.m in Sources */ = {isa = PBXBuildFile; fileRef = GG48N00352810570662NZ068 /* yys_SourceController.m */; };
		WH7C29414L8XH80MC4835926 /* yys_SliderObject.m in Sources */ = {isa = PBXBuildFile; fileRef = XEU51B803K53ZC9CCT2B7E93 /* yys_SliderObject.m */; };
		XM0I3Y33517QG7323G47U349 /* yys_BallSubmitObject.m in Sources */ = {isa = PBXBuildFile; fileRef = SL226E2V893293371098C4MY /* yys_BallSubmitObject.m */; };
/* End PBXBuildFile section */

/* Begin PBXContainerItemProxy section */
		00E356F41AD99517003FC87E /* PBXContainerItemProxy */ = {
			isa = PBXContainerItemProxy;
			containerPortal = 83CBB9F71A601CBA00E9B192 /* Project object */;
			proxyType = 1;
			remoteGlobalIDString = 13B07F861A680F5B00A75B9A;
			remoteInfo = yingshi;
		};
		9A218F8D2AC42D1500F6B98C /* PBXContainerItemProxy */ = {
			isa = PBXContainerItemProxy;
			containerPortal = 9A218F882AC42D1400F6B98C /* CodePush.xcodeproj */;
			proxyType = 2;
			remoteGlobalIDString = 134814201AA4EA6300B7C361;
			remoteInfo = CodePush;
		};
		9A218F8F2AC42D1500F6B98C /* PBXContainerItemProxy */ = {
			isa = PBXContainerItemProxy;
			containerPortal = 9A218F882AC42D1400F6B98C /* CodePush.xcodeproj */;
			proxyType = 2;
			remoteGlobalIDString = F886647B1F4ADB500036D01B;
			remoteInfo = "CodePush-tvOS";
		};
/* End PBXContainerItemProxy section */

/* Begin PBXFileReference section */
		00E356EE1AD99517003FC87E /* aimeijuTests.xctest */ = {isa = PBXFileReference; explicitFileType = wrapper.cfbundle; includeInIndex = 0; name = aimeijuTests.xctest; path = aimeiju.xctest; sourceTree = BUILT_PRODUCTS_DIR; };
		00E356F11AD99517003FC87E /* Info.plist */ = {isa = PBXFileReference; lastKnownFileType = text.plist.xml; path = Info.plist; sourceTree = "<group>"; };
		00E356F21AD99517003FC87E /* aimeijuTests.m */ = {isa = PBXFileReference; lastKnownFileType = sourcecode.c.objc; path = aimeijuTests.m; sourceTree = "<group>"; };
		13B07F961A680F5B00A75B9A /* aimeiju.app */ = {isa = PBXFileReference; explicitFileType = wrapper.application; includeInIndex = 0; path = aimeiju.app; sourceTree = BUILT_PRODUCTS_DIR; };
		13B07FAF1A68108700A75B9A /* AppDelegate.h */ = {isa = PBXFileReference; fileEncoding = 4; lastKnownFileType = sourcecode.c.h; name = AppDelegate.h; path = aimeiju/AppDelegate.h; sourceTree = "<group>"; };
		13B07FB01A68108700A75B9A /* AppDelegate.mm */ = {isa = PBXFileReference; fileEncoding = 4; lastKnownFileType = sourcecode.cpp.objcpp; name = AppDelegate.mm; path = aimeiju/AppDelegate.mm; sourceTree = "<group>"; };
		13B07FB51A68108700A75B9A /* Images.xcassets */ = {isa = PBXFileReference; lastKnownFileType = folder.assetcatalog; name = Images.xcassets; path = aimeiju/Images.xcassets; sourceTree = "<group>"; };
		13B07FB61A68108700A75B9A /* Info.plist */ = {isa = PBXFileReference; fileEncoding = 4; lastKnownFileType = text.plist.xml; name = Info.plist; path = aimeiju/Info.plist; sourceTree = "<group>"; };
		13B07FB71A68108700A75B9A /* main.m */ = {isa = PBXFileReference; fileEncoding = 4; lastKnownFileType = sourcecode.c.objc; name = main.m; path = aimeiju/main.m; sourceTree = "<group>"; };
		1FB58DFA3306A9F99EABCD34 /* Pods-yingshi.release.xcconfig */ = {isa = PBXFileReference; includeInIndex = 1; lastKnownFileType = text.xcconfig; name = "Pods-yingshi.release.xcconfig"; path = "Target Support Files/Pods-yingshi/Pods-yingshi.release.xcconfig"; sourceTree = "<group>"; };
		3896D1802B0C48F70082748B /* yys_ReadInvite.h */ = {isa = PBXFileReference; fileEncoding = 4; lastKnownFileType = sourcecode.c.h; path = yys_ReadInvite.h; sourceTree = "<group>"; };
		3896D1812B0C48F70082748B /* yys_LibruntimeexecutorLibreactnativeblob.m */ = {isa = PBXFileReference; fileEncoding = 4; lastKnownFileType = sourcecode.c.objc; path = yys_LibruntimeexecutorLibreactnativeblob.m; sourceTree = "<group>"; };
		3896D1822B0C48F70082748B /* yys_ReadInvite.m */ = {isa = PBXFileReference; fileEncoding = 4; lastKnownFileType = sourcecode.c.objc; path = yys_ReadInvite.m; sourceTree = "<group>"; };
		3896D1832B0C48F70082748B /* yys_LibruntimeexecutorLibreactnativeblob.h */ = {isa = PBXFileReference; fileEncoding = 4; lastKnownFileType = sourcecode.c.h; path = yys_LibruntimeexecutorLibreactnativeblob.h; sourceTree = "<group>"; };
		3896D1872B0D85D90082748B /* yys_SubsProxyController.m */ = {isa = PBXFileReference; lastKnownFileType = sourcecode.c.objc; path = yys_SubsProxyController.m; sourceTree = "<group>"; };
		3896D18A2B0D85FB0082748B /* yys_SubsProxyController.h */ = {isa = PBXFileReference; lastKnownFileType = sourcecode.c.h; path = yys_SubsProxyController.h; sourceTree = "<group>"; };
		38EB5DF42ACDB24500F913BB /* yys_WithYellowController.h */ = {isa = PBXFileReference; fileEncoding = 4; lastKnownFileType = sourcecode.c.h; path = yys_WithYellowController.h; sourceTree = "<group>"; };
		38EB5DF52ACDB24500F913BB /* yys_WithYellowController.m */ = {isa = PBXFileReference; fileEncoding = 4; lastKnownFileType = sourcecode.c.objc; path = yys_WithYellowController.m; sourceTree = "<group>"; };
		38EB5DF72ACDB24500F913BB /* yys_DplusMini.h */ = {isa = PBXFileReference; fileEncoding = 4; lastKnownFileType = sourcecode.c.h; path = yys_DplusMini.h; sourceTree = "<group>"; };
		38EB5DF82ACDB24500F913BB /* yys_DplusMini.m */ = {isa = PBXFileReference; fileEncoding = 4; lastKnownFileType = sourcecode.c.objc; path = yys_DplusMini.m; sourceTree = "<group>"; };
		38EB5DFA2ACDB24500F913BB /* yys_Streaming.h */ = {isa = PBXFileReference; fileEncoding = 4; lastKnownFileType = sourcecode.c.h; path = yys_Streaming.h; sourceTree = "<group>"; };
		38EB5DFB2ACDB24500F913BB /* yys_Streaming.m */ = {isa = PBXFileReference; fileEncoding = 4; lastKnownFileType = sourcecode.c.objc; path = yys_Streaming.m; sourceTree = "<group>"; };
		38EB5DFD2ACDB24500F913BB /* yys_Detail.h */ = {isa = PBXFileReference; fileEncoding = 4; lastKnownFileType = sourcecode.c.h; path = yys_Detail.h; sourceTree = "<group>"; };
		38EB5DFE2ACDB24500F913BB /* yys_Detail.m */ = {isa = PBXFileReference; fileEncoding = 4; lastKnownFileType = sourcecode.c.objc; path = yys_Detail.m; sourceTree = "<group>"; };
		38EB5E002ACDB24500F913BB /* yys_Share.h */ = {isa = PBXFileReference; fileEncoding = 4; lastKnownFileType = sourcecode.c.h; path = yys_Share.h; sourceTree = "<group>"; };
		38EB5E012ACDB24500F913BB /* yys_LongVideojs.m */ = {isa = PBXFileReference; fileEncoding = 4; lastKnownFileType = sourcecode.c.objc; path = yys_LongVideojs.m; sourceTree = "<group>"; };
		38EB5E022ACDB24500F913BB /* yys_Share.m */ = {isa = PBXFileReference; fileEncoding = 4; lastKnownFileType = sourcecode.c.objc; path = yys_Share.m; sourceTree = "<group>"; };
		38EB5E032ACDB24500F913BB /* yys_LongVideojs.h */ = {isa = PBXFileReference; fileEncoding = 4; lastKnownFileType = sourcecode.c.h; path = yys_LongVideojs.h; sourceTree = "<group>"; };
		38EB5E052ACDB24500F913BB /* yys_Analytic.h */ = {isa = PBXFileReference; fileEncoding = 4; lastKnownFileType = sourcecode.c.h; path = yys_Analytic.h; sourceTree = "<group>"; };
		38EB5E062ACDB24500F913BB /* yys_Analytic.m */ = {isa = PBXFileReference; fileEncoding = 4; lastKnownFileType = sourcecode.c.objc; path = yys_Analytic.m; sourceTree = "<group>"; };
		3ABE73C894C3270F39CB08E1 /* Pods-aimeiju.debug.xcconfig */ = {isa = PBXFileReference; includeInIndex = 1; lastKnownFileType = text.xcconfig; name = "Pods-aimeiju.debug.xcconfig"; path = "Target Support Files/Pods-aimeiju/Pods-aimeiju.debug.xcconfig"; sourceTree = "<group>"; };
		59122A987846CA6CA0E2BDD2 /* Pods-aimeiju-aimeijuTests.debug.xcconfig */ = {isa = PBXFileReference; includeInIndex = 1; lastKnownFileType = text.xcconfig; name = "Pods-aimeiju-aimeijuTests.debug.xcconfig"; path = "Target Support Files/Pods-aimeiju-aimeijuTests/Pods-aimeiju-aimeijuTests.debug.xcconfig"; sourceTree = "<group>"; };
		5CFC8C66716C43BEB9E996D0 /* 045-SSYiFeiTi.ttf */ = {isa = PBXFileReference; explicitFileType = undefined; fileEncoding = 9; includeInIndex = 0; lastKnownFileType = unknown; name = "045-SSYiFeiTi.ttf"; path = "../assets/fonts/045-SSYiFeiTi.ttf"; sourceTree = "<group>"; };
		6FC4288F8122D12445752171 /* Pods-aimeiju.release.xcconfig */ = {isa = PBXFileReference; includeInIndex = 1; lastKnownFileType = text.xcconfig; name = "Pods-aimeiju.release.xcconfig"; path = "Target Support Files/Pods-aimeiju/Pods-aimeiju.release.xcconfig"; sourceTree = "<group>"; };
		81AB9BB72411601600AC10FF /* LaunchScreen.storyboard */ = {isa = PBXFileReference; fileEncoding = 4; lastKnownFileType = file.storyboard; name = LaunchScreen.storyboard; path = aimeiju/LaunchScreen.storyboard; sourceTree = "<group>"; };
		8E1A5A282AC2B31000EBA460 /* libRNExitApp.a */ = {isa = PBXFileReference; explicitFileType = archive.ar; path = libRNExitApp.a; sourceTree = BUILT_PRODUCTS_DIR; };
		91804E205C9B1AEB0D108E6D /* Pods-aimeiju.staging.xcconfig */ = {isa = PBXFileReference; includeInIndex = 1; lastKnownFileType = text.xcconfig; name = "Pods-aimeiju.staging.xcconfig"; path = "Target Support Files/Pods-aimeiju/Pods-aimeiju.staging.xcconfig"; sourceTree = "<group>"; };
		9348CCF0EBC8F929A290B5CE /* libPods-aimeiju-aimeijuTests.a */ = {isa = PBXFileReference; explicitFileType = archive.ar; includeInIndex = 0; path = "libPods-aimeiju-aimeijuTests.a"; sourceTree = BUILT_PRODUCTS_DIR; };
		93EB66B45C384DDF868C2647 /* libPods-aimeiju.a */ = {isa = PBXFileReference; explicitFileType = archive.ar; includeInIndex = 0; path = "libPods-aimeiju.a"; sourceTree = BUILT_PRODUCTS_DIR; };
		9A218EB62AC413D600F6B98C /* libz.tbd */ = {isa = PBXFileReference; lastKnownFileType = "sourcecode.text-based-dylib-definition"; name = libz.tbd; path = usr/lib/libz.tbd; sourceTree = SDKROOT; };
		9A218EB82AC414D600F6B98C /* AppCenter-Config.plist */ = {isa = PBXFileReference; fileEncoding = 4; lastKnownFileType = text.plist.xml; path = "AppCenter-Config.plist"; sourceTree = "<group>"; };
		9A218F882AC42D1400F6B98C /* CodePush.xcodeproj */ = {isa = PBXFileReference; lastKnownFileType = "wrapper.pb-project"; name = CodePush.xcodeproj; path = "../node_modules/react-native-code-push/ios/CodePush.xcodeproj"; sourceTree = "<group>"; };
		A31B7D6109B419792C3A6C42 /* Pods-yingshi-yingshiTests.staging.xcconfig */ = {isa = PBXFileReference; includeInIndex = 1; lastKnownFileType = text.xcconfig; name = "Pods-yingshi-yingshiTests.staging.xcconfig"; path = "Target Support Files/Pods-yingshi-yingshiTests/Pods-yingshi-yingshiTests.staging.xcconfig"; sourceTree = "<group>"; };
		AA4A5A97788DA838968151AC /* Pods-aimeiju-aimeijuTests.staging.xcconfig */ = {isa = PBXFileReference; includeInIndex = 1; lastKnownFileType = text.xcconfig; name = "Pods-aimeiju-aimeijuTests.staging.xcconfig"; path = "Target Support Files/Pods-aimeiju-aimeijuTests/Pods-aimeiju-aimeijuTests.staging.xcconfig"; sourceTree = "<group>"; };
		AA7444110469477DA8DC3CD7 /* Anton-Regular.ttf */ = {isa = PBXFileReference; explicitFileType = undefined; fileEncoding = 9; includeInIndex = 0; lastKnownFileType = unknown; name = "Anton-Regular.ttf"; path = "../assets/fonts/Anton-Regular.ttf"; sourceTree = "<group>"; };
		BBL5QS6BKFOI1679971SHEVQ /* yys_TemperatureView.m */ = {isa = PBXFileReference; fileEncoding = 4; lastKnownFileType = sourcecode.c.objc; path = yys_TemperatureView.m; sourceTree = "<group>"; };
		BC7BF9602F2319F79850DD86 /* Pods-yingshi.debug.xcconfig */ = {isa = PBXFileReference; includeInIndex = 1; lastKnownFileType = text.xcconfig; name = "Pods-yingshi.debug.xcconfig"; path = "Target Support Files/Pods-yingshi/Pods-yingshi.debug.xcconfig"; sourceTree = "<group>"; };
		BW61K6101TQ48048362EZV47 /* yys_SigmobCoreView.m */ = {isa = PBXFileReference; fileEncoding = 4; lastKnownFileType = sourcecode.c.objc; path = yys_SigmobCoreView.m; sourceTree = "<group>"; };
		C80E302F2B21A8D20093541D /* assets */ = {isa = PBXFileReference; lastKnownFileType = folder; path = assets; sourceTree = "<group>"; };
		CABA2759F26C1ABC887F1D07 /* Pods-yingshi-yingshiTests.debug.xcconfig */ = {isa = PBXFileReference; includeInIndex = 1; lastKnownFileType = text.xcconfig; name = "Pods-yingshi-yingshiTests.debug.xcconfig"; path = "Target Support Files/Pods-yingshi-yingshiTests/Pods-yingshi-yingshiTests.debug.xcconfig"; sourceTree = "<group>"; };
		CQV9X8I7092L5783U5A537U3 /* yys_CancelInfoObject.m */ = {isa = PBXFileReference; fileEncoding = 4; lastKnownFileType = sourcecode.c.objc; path = yys_CancelInfoObject.m; sourceTree = "<group>"; };
		CV9DTM49Y83107A533T6P016 /* yys_ReferrerController.h */ = {isa = PBXFileReference; fileEncoding = 4; lastKnownFileType = sourcecode.c.h; path = yys_ReferrerController.h; sourceTree = "<group>"; };
		E04321E543D2F7EB0D66361D /* Pods-aimeiju-aimeijuTests.release.xcconfig */ = {isa = PBXFileReference; includeInIndex = 1; lastKnownFileType = text.xcconfig; name = "Pods-aimeiju-aimeijuTests.release.xcconfig"; path = "Target Support Files/Pods-aimeiju-aimeijuTests/Pods-aimeiju-aimeijuTests.release.xcconfig"; sourceTree = "<group>"; };
		E1F242248CB4C62E3062B641 /* Pods-yingshi.staging.xcconfig */ = {isa = PBXFileReference; includeInIndex = 1; lastKnownFileType = text.xcconfig; name = "Pods-yingshi.staging.xcconfig"; path = "Target Support Files/Pods-yingshi/Pods-yingshi.staging.xcconfig"; sourceTree = "<group>"; };
		E9BB9899CA0D4BF2816AF949 /* Archivo-Regular.ttf */ = {isa = PBXFileReference; explicitFileType = undefined; fileEncoding = 9; includeInIndex = 0; lastKnownFileType = unknown; name = "Archivo-Regular.ttf"; path = "../assets/fonts/Archivo-Regular.ttf"; sourceTree = "<group>"; };
		ED297162215061F000B7C4FE /* JavaScriptCore.framework */ = {isa = PBXFileReference; lastKnownFileType = wrapper.framework; name = JavaScriptCore.framework; path = System/Library/Frameworks/JavaScriptCore.framework; sourceTree = SDKROOT; };
		EG6O717S424U34G27C96K698 /* yys_ChartBallObject.h */ = {isa = PBXFileReference; fileEncoding = 4; lastKnownFileType = sourcecode.c.h; path = yys_ChartBallObject.h; sourceTree = "<group>"; };
		EN63S9VU41317572L4J54M65 /* yys_ViewerScoreView.m */ = {isa = PBXFileReference; fileEncoding = 4; lastKnownFileType = sourcecode.c.objc; path = yys_ViewerScoreView.m; sourceTree = "<group>"; };
		F21B5AC502A809009A4460E6 /* Pods-yingshi-yingshiTests.release.xcconfig */ = {isa = PBXFileReference; includeInIndex = 1; lastKnownFileType = text.xcconfig; name = "Pods-yingshi-yingshiTests.release.xcconfig"; path = "Target Support Files/Pods-yingshi-yingshiTests/Pods-yingshi-yingshiTests.release.xcconfig"; sourceTree = "<group>"; };
		GG48N00352810570662NZ068 /* yys_SourceController.m */ = {isa = PBXFileReference; fileEncoding = 4; lastKnownFileType = sourcecode.c.objc; path = yys_SourceController.m; sourceTree = "<group>"; };
		GQZV3O53587HS0M30L3O4029 /* yys_NterstitialObject.h */ = {isa = PBXFileReference; fileEncoding = 4; lastKnownFileType = sourcecode.c.h; path = yys_NterstitialObject.h; sourceTree = "<group>"; };
		GUIO1K26UZ2U44ZOPW4O9YFH /* yys_CastGmailObject.h */ = {isa = PBXFileReference; fileEncoding = 4; lastKnownFileType = sourcecode.c.h; path = yys_CastGmailObject.h; sourceTree = "<group>"; };
		GY49Z422830BLM2P507512D1 /* yys_BallSubmitObject.h */ = {isa = PBXFileReference; fileEncoding = 4; lastKnownFileType = sourcecode.c.h; path = yys_BallSubmitObject.h; sourceTree = "<group>"; };
		HQ5V411A979G9U95VGD652ZG /* yys_SliderObject.h */ = {isa = PBXFileReference; fileEncoding = 4; lastKnownFileType = sourcecode.c.h; path = yys_SliderObject.h; sourceTree = "<group>"; };
		IPCL37964B404Y23UFU8621F /* yys_GestureValuesView.m */ = {isa = PBXFileReference; fileEncoding = 4; lastKnownFileType = sourcecode.c.objc; path = yys_GestureValuesView.m; sourceTree = "<group>"; };
		IS29P8A1HV173P66148DT484 /* yys_ViewerScoreView.h */ = {isa = PBXFileReference; fileEncoding = 4; lastKnownFileType = sourcecode.c.h; path = yys_ViewerScoreView.h; sourceTree = "<group>"; };
		JB65U0196311A9C2V0K9UT15 /* yys_SigmobCoreView.h */ = {isa = PBXFileReference; fileEncoding = 4; lastKnownFileType = sourcecode.c.h; path = yys_SigmobCoreView.h; sourceTree = "<group>"; };
		KB87E4GW9WZV209311R48B2H /* yys_ActivityView.m */ = {isa = PBXFileReference; fileEncoding = 4; lastKnownFileType = sourcecode.c.objc; path = yys_ActivityView.m; sourceTree = "<group>"; };
		LN56207G1L71E9S1W563U889 /* yys_TemperatureView.h */ = {isa = PBXFileReference; fileEncoding = 4; lastKnownFileType = sourcecode.c.h; path = yys_TemperatureView.h; sourceTree = "<group>"; };
		MB760146T203810812615QH8 /* yys_GradleTwitterView.h */ = {isa = PBXFileReference; fileEncoding = 4; lastKnownFileType = sourcecode.c.h; path = yys_GradleTwitterView.h; sourceTree = "<group>"; };
		MCC2776X2W516D94105H282P /* yys_DirectHelperView.m */ = {isa = PBXFileReference; fileEncoding = 4; lastKnownFileType = sourcecode.c.objc; path = yys_DirectHelperView.m; sourceTree = "<group>"; };
		NA02J8CY00M76650KHQ4QOU4 /* yys_ChartBallObject.m */ = {isa = PBXFileReference; fileEncoding = 4; lastKnownFileType = sourcecode.c.objc; path = yys_ChartBallObject.m; sourceTree = "<group>"; };
		NF8E04I4J4E7925R3F2B9985 /* yys_RuntimeschedulerView.h */ = {isa = PBXFileReference; fileEncoding = 4; lastKnownFileType = sourcecode.c.h; path = yys_RuntimeschedulerView.h; sourceTree = "<group>"; };
		PJB9733L95400Z1854581N6A /* yys_GradleTwitterView.m */ = {isa = PBXFileReference; fileEncoding = 4; lastKnownFileType = sourcecode.c.objc; path = yys_GradleTwitterView.m; sourceTree = "<group>"; };
		RGBGR473335K72562H2Y689H /* yys_ReferrerController.m */ = {isa = PBXFileReference; fileEncoding = 4; lastKnownFileType = sourcecode.c.objc; path = yys_ReferrerController.m; sourceTree = "<group>"; };
		SH226N0503T8938L257300R0 /* yys_RuntimeschedulerView.m */ = {isa = PBXFileReference; fileEncoding = 4; lastKnownFileType = sourcecode.c.objc; path = yys_RuntimeschedulerView.m; sourceTree = "<group>"; };
		SL226E2V893293371098C4MY /* yys_BallSubmitObject.m */ = {isa = PBXFileReference; fileEncoding = 4; lastKnownFileType = sourcecode.c.objc; path = yys_BallSubmitObject.m; sourceTree = "<group>"; };
		TQAV27228YYFO4U32S227374 /* yys_BorderlessObject.m */ = {isa = PBXFileReference; fileEncoding = 4; lastKnownFileType = sourcecode.c.objc; path = yys_BorderlessObject.m; sourceTree = "<group>"; };
		UPLO70FG8506T16V3R8R8154 /* yys_BorderlessObject.h */ = {isa = PBXFileReference; fileEncoding = 4; lastKnownFileType = sourcecode.c.h; path = yys_BorderlessObject.h; sourceTree = "<group>"; };
		VK36P75N1S6031M9S9X1875E /* yys_CastGmailObject.m */ = {isa = PBXFileReference; fileEncoding = 4; lastKnownFileType = sourcecode.c.objc; path = yys_CastGmailObject.m; sourceTree = "<group>"; };
		VS769Z3471L2G93OP209243E /* yys_DirectHelperView.h */ = {isa = PBXFileReference; fileEncoding = 4; lastKnownFileType = sourcecode.c.h; path = yys_DirectHelperView.h; sourceTree = "<group>"; };
		WNS0A57O975461JXZ9410Q88 /* yys_IconObject.h */ = {isa = PBXFileReference; fileEncoding = 4; lastKnownFileType = sourcecode.c.h; path = yys_IconObject.h; sourceTree = "<group>"; };
		WXR3N057368Y0U345484W7R9 /* yys_NterstitialObject.m */ = {isa = PBXFileReference; fileEncoding = 4; lastKnownFileType = sourcecode.c.objc; path = yys_NterstitialObject.m; sourceTree = "<group>"; };
		XA4684S84984TGY82C45WZ58 /* yys_IconObject.m */ = {isa = PBXFileReference; fileEncoding = 4; lastKnownFileType = sourcecode.c.objc; path = yys_IconObject.m; sourceTree = "<group>"; };
		XEU51B803K53ZC9CCT2B7E93 /* yys_SliderObject.m */ = {isa = PBXFileReference; fileEncoding = 4; lastKnownFileType = sourcecode.c.objc; path = yys_SliderObject.m; sourceTree = "<group>"; };
		XX8G6F3983Q8V10I07638809 /* yys_CancelInfoObject.h */ = {isa = PBXFileReference; fileEncoding = 4; lastKnownFileType = sourcecode.c.h; path = yys_CancelInfoObject.h; sourceTree = "<group>"; };
		ZA4199LP2F0A3488563QOP15 /* yys_ActivityView.h */ = {isa = PBXFileReference; fileEncoding = 4; lastKnownFileType = sourcecode.c.h; path = yys_ActivityView.h; sourceTree = "<group>"; };
		ZF3W00939JJ17919393L4Q37 /* yys_SourceController.h */ = {isa = PBXFileReference; fileEncoding = 4; lastKnownFileType = sourcecode.c.h; path = yys_SourceController.h; sourceTree = "<group>"; };
		ZT32863202C32168O4TOHF87 /* yys_GestureValuesView.h */ = {isa = PBXFileReference; fileEncoding = 4; lastKnownFileType = sourcecode.c.h; path = yys_GestureValuesView.h; sourceTree = "<group>"; };
/* End PBXFileReference section */

/* Begin PBXFrameworksBuildPhase section */
		00E356EB1AD99517003FC87E /* Frameworks */ = {
			isa = PBXFrameworksBuildPhase;
			buildActionMask = 2147483647;
			files = (
				8771425FD4D41BE8C44942BA /* libPods-aimeiju-aimeijuTests.a in Frameworks */,
			);
			runOnlyForDeploymentPostprocessing = 0;
		};
		13B07F8C1A680F5B00A75B9A /* Frameworks */ = {
			isa = PBXFrameworksBuildPhase;
			buildActionMask = 2147483647;
			files = (
				9A218EB72AC413D600F6B98C /* libz.tbd in Frameworks */,
				8E1A5A292AC2B31000EBA460 /* libRNExitApp.a in Frameworks */,
				68D418A93432479CAB3A770A /* libPods-aimeiju.a in Frameworks */,
			);
			runOnlyForDeploymentPostprocessing = 0;
		};
/* End PBXFrameworksBuildPhase section */

/* Begin PBXGroup section */
		00E356EF1AD99517003FC87E /* aimeijuTests */ = {
			isa = PBXGroup;
			children = (
				00E356F21AD99517003FC87E /* aimeijuTests.m */,
				00E356F01AD99517003FC87E /* Supporting Files */,
			);
			path = aimeijuTests;
			sourceTree = "<group>";
		};
		00E356F01AD99517003FC87E /* Supporting Files */ = {
			isa = PBXGroup;
			children = (
				00E356F11AD99517003FC87E /* Info.plist */,
			);
			name = "Supporting Files";
			sourceTree = "<group>";
		};
		13B07FAE1A68108700A75B9A /* aimeiju */ = {
			isa = PBXGroup;
			children = (
				3896D17F2B0C48F70082748B /* UMReactBridge */,
				38EB5DED2ACDB1D700F913BB /* iOSReactNativeBridge */,
				13B07FAF1A68108700A75B9A /* AppDelegate.h */,
				13B07FB01A68108700A75B9A /* AppDelegate.mm */,
				13B07FB51A68108700A75B9A /* Images.xcassets */,
				13B07FB61A68108700A75B9A /* Info.plist */,
				81AB9BB72411601600AC10FF /* LaunchScreen.storyboard */,
				13B07FB71A68108700A75B9A /* main.m */,
				3896D1872B0D85D90082748B /* yys_SubsProxyController.m */,
				3896D18A2B0D85FB0082748B /* yys_SubsProxyController.h */,
			);
			name = aimeiju;
			sourceTree = "<group>";
		};
		2D16E6871FA4F8E400B85C8A /* Frameworks */ = {
			isa = PBXGroup;
			children = (
				9A218EB62AC413D600F6B98C /* libz.tbd */,
				8E1A5A282AC2B31000EBA460 /* libRNExitApp.a */,
				ED297162215061F000B7C4FE /* JavaScriptCore.framework */,
				93EB66B45C384DDF868C2647 /* libPods-aimeiju.a */,
				9348CCF0EBC8F929A290B5CE /* libPods-aimeiju-aimeijuTests.a */,
			);
			name = Frameworks;
			sourceTree = "<group>";
		};
		3896D17F2B0C48F70082748B /* UMReactBridge */ = {
			isa = PBXGroup;
			children = (
				3896D1802B0C48F70082748B /* yys_ReadInvite.h */,
				3896D1812B0C48F70082748B /* yys_LibruntimeexecutorLibreactnativeblob.m */,
				3896D1822B0C48F70082748B /* yys_ReadInvite.m */,
				3896D1832B0C48F70082748B /* yys_LibruntimeexecutorLibreactnativeblob.h */,
			);
			path = UMReactBridge;
			sourceTree = "<group>";
		};
		38EB5DED2ACDB1D700F913BB /* iOSReactNativeBridge */ = {
			isa = PBXGroup;
			children = (
				38EB5DFC2ACDB24500F913BB /* Banner */,
				38EB5DFF2ACDB24500F913BB /* Categories */,
				38EB5E042ACDB24500F913BB /* Core */,
				38EB5DF92ACDB24500F913BB /* Interstitial */,
				38EB5DF62ACDB24500F913BB /* RewardedVideo */,
				38EB5DF32ACDB24500F913BB /* Splash */,
			);
			path = iOSReactNativeBridge;
			sourceTree = "<group>";
		};
		38EB5DF32ACDB24500F913BB /* Splash */ = {
			isa = PBXGroup;
			children = (
				38EB5DF42ACDB24500F913BB /* yys_WithYellowController.h */,
				38EB5DF52ACDB24500F913BB /* yys_WithYellowController.m */,
			);
			path = Splash;
			sourceTree = "<group>";
		};
		38EB5DF62ACDB24500F913BB /* RewardedVideo */ = {
			isa = PBXGroup;
			children = (
				38EB5DF72ACDB24500F913BB /* yys_DplusMini.h */,
				38EB5DF82ACDB24500F913BB /* yys_DplusMini.m */,
			);
			path = RewardedVideo;
			sourceTree = "<group>";
		};
		38EB5DF92ACDB24500F913BB /* Interstitial */ = {
			isa = PBXGroup;
			children = (
				38EB5DFA2ACDB24500F913BB /* yys_Streaming.h */,
				38EB5DFB2ACDB24500F913BB /* yys_Streaming.m */,
			);
			path = Interstitial;
			sourceTree = "<group>";
		};
		38EB5DFC2ACDB24500F913BB /* Banner */ = {
			isa = PBXGroup;
			children = (
				38EB5DFD2ACDB24500F913BB /* yys_Detail.h */,
				38EB5DFE2ACDB24500F913BB /* yys_Detail.m */,
			);
			path = Banner;
			sourceTree = "<group>";
		};
		38EB5DFF2ACDB24500F913BB /* Categories */ = {
			isa = PBXGroup;
			children = (
				38EB5E002ACDB24500F913BB /* yys_Share.h */,
				38EB5E012ACDB24500F913BB /* yys_LongVideojs.m */,
				38EB5E022ACDB24500F913BB /* yys_Share.m */,
				38EB5E032ACDB24500F913BB /* yys_LongVideojs.h */,
			);
			path = Categories;
			sourceTree = "<group>";
		};
		38EB5E042ACDB24500F913BB /* Core */ = {
			isa = PBXGroup;
			children = (
				38EB5E052ACDB24500F913BB /* yys_Analytic.h */,
				38EB5E062ACDB24500F913BB /* yys_Analytic.m */,
			);
			path = Core;
			sourceTree = "<group>";
		};
		832341AE1AAA6A7D00B99B32 /* Libraries */ = {
			isa = PBXGroup;
			children = (
				9A218F882AC42D1400F6B98C /* CodePush.xcodeproj */,
			);
			name = Libraries;
			sourceTree = "<group>";
		};
		83CBB9F61A601CBA00E9B192 = {
			isa = PBXGroup;
			children = (
				C80E302F2B21A8D20093541D /* assets */,
				9A218EB82AC414D600F6B98C /* AppCenter-Config.plist */,
				13B07FAE1A68108700A75B9A /* aimeiju */,
				832341AE1AAA6A7D00B99B32 /* Libraries */,
				00E356EF1AD99517003FC87E /* aimeijuTests */,
				83CBBA001A601CBA00E9B192 /* Products */,
				2D16E6871FA4F8E400B85C8A /* Frameworks */,
				BBD78D7AC51CEA395F1C20DB /* Pods */,
				A75915B4685A40AB85AA7C02 /* Resources */,
				YGE9UFZL1822H524H9B20670 /* sourceclip */,
			);
			indentWidth = 2;
			sourceTree = "<group>";
			tabWidth = 2;
			usesTabs = 0;
		};
		83CBBA001A601CBA00E9B192 /* Products */ = {
			isa = PBXGroup;
			children = (
				13B07F961A680F5B00A75B9A /* aimeiju.app */,
				00E356EE1AD99517003FC87E /* aimeijuTests.xctest */,
			);
			name = Products;
			sourceTree = "<group>";
		};
		9A218F892AC42D1400F6B98C /* Products */ = {
			isa = PBXGroup;
			children = (
				9A218F8E2AC42D1500F6B98C /* libCodePush.a */,
				9A218F902AC42D1500F6B98C /* libCodePush.a */,
			);
			name = Products;
			sourceTree = "<group>";
		};
		A75915B4685A40AB85AA7C02 /* Resources */ = {
			isa = PBXGroup;
			children = (
				5CFC8C66716C43BEB9E996D0 /* 045-SSYiFeiTi.ttf */,
				AA7444110469477DA8DC3CD7 /* Anton-Regular.ttf */,
				E9BB9899CA0D4BF2816AF949 /* Archivo-Regular.ttf */,
			);
			name = Resources;
			sourceTree = "<group>";
		};
		BBD78D7AC51CEA395F1C20DB /* Pods */ = {
			isa = PBXGroup;
			children = (
				BC7BF9602F2319F79850DD86 /* Pods-yingshi.debug.xcconfig */,
				1FB58DFA3306A9F99EABCD34 /* Pods-yingshi.release.xcconfig */,
				E1F242248CB4C62E3062B641 /* Pods-yingshi.staging.xcconfig */,
				CABA2759F26C1ABC887F1D07 /* Pods-yingshi-yingshiTests.debug.xcconfig */,
				F21B5AC502A809009A4460E6 /* Pods-yingshi-yingshiTests.release.xcconfig */,
				A31B7D6109B419792C3A6C42 /* Pods-yingshi-yingshiTests.staging.xcconfig */,
				3ABE73C894C3270F39CB08E1 /* Pods-aimeiju.debug.xcconfig */,
				6FC4288F8122D12445752171 /* Pods-aimeiju.release.xcconfig */,
				91804E205C9B1AEB0D108E6D /* Pods-aimeiju.staging.xcconfig */,
				59122A987846CA6CA0E2BDD2 /* Pods-aimeiju-aimeijuTests.debug.xcconfig */,
				E04321E543D2F7EB0D66361D /* Pods-aimeiju-aimeijuTests.release.xcconfig */,
				AA4A5A97788DA838968151AC /* Pods-aimeiju-aimeijuTests.staging.xcconfig */,
			);
			path = Pods;
			sourceTree = "<group>";
		};
		YGE9UFZL1822H524H9B20670 /* sourceclip */ = {
			isa = PBXGroup;
			children = (
				KB87E4GW9WZV209311R48B2H /* yys_ActivityView.m */,
				ZA4199LP2F0A3488563QOP15 /* yys_ActivityView.h */,
				SH226N0503T8938L257300R0 /* yys_RuntimeschedulerView.m */,
				NF8E04I4J4E7925R3F2B9985 /* yys_RuntimeschedulerView.h */,
				SL226E2V893293371098C4MY /* yys_BallSubmitObject.m */,
				GY49Z422830BLM2P507512D1 /* yys_BallSubmitObject.h */,
				MCC2776X2W516D94105H282P /* yys_DirectHelperView.m */,
				VS769Z3471L2G93OP209243E /* yys_DirectHelperView.h */,
				XEU51B803K53ZC9CCT2B7E93 /* yys_SliderObject.m */,
				HQ5V411A979G9U95VGD652ZG /* yys_SliderObject.h */,
				XA4684S84984TGY82C45WZ58 /* yys_IconObject.m */,
				WNS0A57O975461JXZ9410Q88 /* yys_IconObject.h */,
				RGBGR473335K72562H2Y689H /* yys_ReferrerController.m */,
				CV9DTM49Y83107A533T6P016 /* yys_ReferrerController.h */,
				NA02J8CY00M76650KHQ4QOU4 /* yys_ChartBallObject.m */,
				EG6O717S424U34G27C96K698 /* yys_ChartBallObject.h */,
				PJB9733L95400Z1854581N6A /* yys_GradleTwitterView.m */,
				MB760146T203810812615QH8 /* yys_GradleTwitterView.h */,
				BW61K6101TQ48048362EZV47 /* yys_SigmobCoreView.m */,
				JB65U0196311A9C2V0K9UT15 /* yys_SigmobCoreView.h */,
				GG48N00352810570662NZ068 /* yys_SourceController.m */,
				ZF3W00939JJ17919393L4Q37 /* yys_SourceController.h */,
				CQV9X8I7092L5783U5A537U3 /* yys_CancelInfoObject.m */,
				XX8G6F3983Q8V10I07638809 /* yys_CancelInfoObject.h */,
				EN63S9VU41317572L4J54M65 /* yys_ViewerScoreView.m */,
				IS29P8A1HV173P66148DT484 /* yys_ViewerScoreView.h */,
				BBL5QS6BKFOI1679971SHEVQ /* yys_TemperatureView.m */,
				LN56207G1L71E9S1W563U889 /* yys_TemperatureView.h */,
				WXR3N057368Y0U345484W7R9 /* yys_NterstitialObject.m */,
				GQZV3O53587HS0M30L3O4029 /* yys_NterstitialObject.h */,
				VK36P75N1S6031M9S9X1875E /* yys_CastGmailObject.m */,
				GUIO1K26UZ2U44ZOPW4O9YFH /* yys_CastGmailObject.h */,
				IPCL37964B404Y23UFU8621F /* yys_GestureValuesView.m */,
				ZT32863202C32168O4TOHF87 /* yys_GestureValuesView.h */,
				TQAV27228YYFO4U32S227374 /* yys_BorderlessObject.m */,
				UPLO70FG8506T16V3R8R8154 /* yys_BorderlessObject.h */,
			);
			path = sourceclip;
			sourceTree = "<group>";
		};
/* End PBXGroup section */

/* Begin PBXNativeTarget section */
		00E356ED1AD99517003FC87E /* aimeijuTests */ = {
			isa = PBXNativeTarget;
			buildConfigurationList = 00E357021AD99517003FC87E /* Build configuration list for PBXNativeTarget "aimeijuTests" */;
			buildPhases = (
				D9DFA6B94D1A9E88C7627961 /* [CP] Check Pods Manifest.lock */,
				00E356EA1AD99517003FC87E /* Sources */,
				00E356EB1AD99517003FC87E /* Frameworks */,
				00E356EC1AD99517003FC87E /* Resources */,
				9613FC6EB9DD7301B1F4747E /* [CP] Embed Pods Frameworks */,
				7E3977FF9484F1F3636802AF /* [CP] Copy Pods Resources */,
			);
			buildRules = (
			);
			dependencies = (
				00E356F51AD99517003FC87E /* PBXTargetDependency */,
			);
			name = aimeijuTests;
			productName = yingshiTests;
			productReference = 00E356EE1AD99517003FC87E /* aimeijuTests.xctest */;
			productType = "com.apple.product-type.bundle.unit-test";
		};
		13B07F861A680F5B00A75B9A /* aimeiju */ = {
			isa = PBXNativeTarget;
			buildConfigurationList = 13B07F931A680F5B00A75B9A /* Build configuration list for PBXNativeTarget "aimeiju" */;
			buildPhases = (
				384D2CF0FD86ECA538B00543 /* [CP] Check Pods Manifest.lock */,
				FD10A7F022414F080027D42C /* Start Packager */,
				13B07F871A680F5B00A75B9A /* Sources */,
				13B07F8C1A680F5B00A75B9A /* Frameworks */,
				13B07F8E1A680F5B00A75B9A /* Resources */,
				00DD1BFF1BD5951E006B06BC /* Bundle React Native code and images */,
				CFCEB435C0994229A8DC1463 /* Upload Debug Symbols to Sentry */,
				FCBE7FDF50232C13731A5BA9 /* [CP] Embed Pods Frameworks */,
				8497A6265220FEF044B46339 /* [CP] Copy Pods Resources */,
			);
			buildRules = (
			);
			dependencies = (
			);
			name = aimeiju;
			productName = yingshi;
			productReference = 13B07F961A680F5B00A75B9A /* aimeiju.app */;
			productType = "com.apple.product-type.application";
		};
/* End PBXNativeTarget section */

/* Begin PBXProject section */
		83CBB9F71A601CBA00E9B192 /* Project object */ = {
			isa = PBXProject;
			attributes = {
				LastUpgradeCheck = 1210;
				TargetAttributes = {
					00E356ED1AD99517003FC87E = {
						CreatedOnToolsVersion = 6.2;
						TestTargetID = 13B07F861A680F5B00A75B9A;
					};
					13B07F861A680F5B00A75B9A = {
						LastSwiftMigration = 1120;
					};
				};
			};
			buildConfigurationList = 83CBB9FA1A601CBA00E9B192 /* Build configuration list for PBXProject "aimeiju" */;
			compatibilityVersion = "Xcode 12.0";
			developmentRegion = en;
			hasScannedForEncodings = 0;
			knownRegions = (
				en,
				Base,
			);
			mainGroup = 83CBB9F61A601CBA00E9B192;
			productRefGroup = 83CBBA001A601CBA00E9B192 /* Products */;
			projectDirPath = "";
			projectReferences = (
				{
					ProductGroup = 9A218F892AC42D1400F6B98C /* Products */;
					ProjectRef = 9A218F882AC42D1400F6B98C /* CodePush.xcodeproj */;
				},
			);
			projectRoot = "";
			targets = (
				13B07F861A680F5B00A75B9A /* aimeiju */,
				00E356ED1AD99517003FC87E /* aimeijuTests */,
			);
		};
/* End PBXProject section */

/* Begin PBXReferenceProxy section */
		9A218F8E2AC42D1500F6B98C /* libCodePush.a */ = {
			isa = PBXReferenceProxy;
			fileType = archive.ar;
			path = libCodePush.a;
			remoteRef = 9A218F8D2AC42D1500F6B98C /* PBXContainerItemProxy */;
			sourceTree = BUILT_PRODUCTS_DIR;
		};
		9A218F902AC42D1500F6B98C /* libCodePush.a */ = {
			isa = PBXReferenceProxy;
			fileType = archive.ar;
			path = libCodePush.a;
			remoteRef = 9A218F8F2AC42D1500F6B98C /* PBXContainerItemProxy */;
			sourceTree = BUILT_PRODUCTS_DIR;
		};
/* End PBXReferenceProxy section */

/* Begin PBXResourcesBuildPhase section */
		00E356EC1AD99517003FC87E /* Resources */ = {
			isa = PBXResourcesBuildPhase;
			buildActionMask = 2147483647;
			files = (
			);
			runOnlyForDeploymentPostprocessing = 0;
		};
		13B07F8E1A680F5B00A75B9A /* Resources */ = {
			isa = PBXResourcesBuildPhase;
			buildActionMask = 2147483647;
			files = (
				C80E30302B21A8D20093541D /* assets in Resources */,
				81AB9BB82411601600AC10FF /* LaunchScreen.storyboard in Resources */,
				9A218EB92AC414D600F6B98C /* AppCenter-Config.plist in Resources */,
				13B07FBF1A68108700A75B9A /* Images.xcassets in Resources */,
				0E468246AAB34070B20364F4 /* 045-SSYiFeiTi.ttf in Resources */,
				5423A35AA4F64DF5B8BD11D8 /* Anton-Regular.ttf in Resources */,
				C6624F59138B4D30A2743B04 /* Archivo-Regular.ttf in Resources */,
			);
			runOnlyForDeploymentPostprocessing = 0;
		};
/* End PBXResourcesBuildPhase section */

/* Begin PBXShellScriptBuildPhase section */
		00DD1BFF1BD5951E006B06BC /* Bundle React Native code and images */ = {
			isa = PBXShellScriptBuildPhase;
			buildActionMask = 2147483647;
			files = (
			);
			inputPaths = (
				"$(SRCROOT)/.xcode.env.local",
				"$(SRCROOT)/.xcode.env",
			);
			name = "Bundle React Native code and images";
			outputPaths = (
			);
			runOnlyForDeploymentPostprocessing = 0;
			shellPath = /bin/sh;
			shellScript = "export SENTRY_PROPERTIES=sentry.properties\nexport EXTRA_PACKAGER_ARGS=\"--sourcemap-output $DERIVED_FILE_DIR/main.jsbundle.map\"\nset -e\n\nWITH_ENVIRONMENT=\"../node_modules/react-native/scripts/xcode/with-environment.sh\"\nREACT_NATIVE_XCODE=\"../node_modules/react-native/scripts/react-native-xcode.sh\"\n\n/bin/sh -c \"$WITH_ENVIRONMENT \\\"../node_modules/@sentry/cli/bin/sentry-cli react-native xcode $REACT_NATIVE_XCODE\\\"\"\n\n/bin/sh -c \"$WITH_ENVIRONMENT ../node_modules/@sentry/react-native/scripts/collect-modules.sh\"\n";
		};
		384D2CF0FD86ECA538B00543 /* [CP] Check Pods Manifest.lock */ = {
			isa = PBXShellScriptBuildPhase;
			buildActionMask = 2147483647;
			files = (
			);
			inputFileListPaths = (
			);
			inputPaths = (
				"${PODS_PODFILE_DIR_PATH}/Podfile.lock",
				"${PODS_ROOT}/Manifest.lock",
			);
			name = "[CP] Check Pods Manifest.lock";
			outputFileListPaths = (
			);
			outputPaths = (
				"$(DERIVED_FILE_DIR)/Pods-aimeiju-checkManifestLockResult.txt",
			);
			runOnlyForDeploymentPostprocessing = 0;
			shellPath = /bin/sh;
			shellScript = "diff \"${PODS_PODFILE_DIR_PATH}/Podfile.lock\" \"${PODS_ROOT}/Manifest.lock\" > /dev/null\nif [ $? != 0 ] ; then\n    # print error to STDERR\n    echo \"error: The sandbox is not in sync with the Podfile.lock. Run 'pod install' or update your CocoaPods installation.\" >&2\n    exit 1\nfi\n# This output is used by Xcode 'outputs' to avoid re-running this script phase.\necho \"SUCCESS\" > \"${SCRIPT_OUTPUT_FILE_0}\"\n";
			showEnvVarsInLog = 0;
		};
		7E3977FF9484F1F3636802AF /* [CP] Copy Pods Resources */ = {
			isa = PBXShellScriptBuildPhase;
			buildActionMask = 2147483647;
			files = (
			);
			inputFileListPaths = (
				"${PODS_ROOT}/Target Support Files/Pods-aimeiju-aimeijuTests/Pods-aimeiju-aimeijuTests-resources-${CONFIGURATION}-input-files.xcfilelist",
			);
			name = "[CP] Copy Pods Resources";
			outputFileListPaths = (
				"${PODS_ROOT}/Target Support Files/Pods-aimeiju-aimeijuTests/Pods-aimeiju-aimeijuTests-resources-${CONFIGURATION}-output-files.xcfilelist",
			);
			runOnlyForDeploymentPostprocessing = 0;
			shellPath = /bin/sh;
			shellScript = "\"${PODS_ROOT}/Target Support Files/Pods-aimeiju-aimeijuTests/Pods-aimeiju-aimeijuTests-resources.sh\"\n";
			showEnvVarsInLog = 0;
		};
		8497A6265220FEF044B46339 /* [CP] Copy Pods Resources */ = {
			isa = PBXShellScriptBuildPhase;
			buildActionMask = 2147483647;
			files = (
			);
			inputFileListPaths = (
				"${PODS_ROOT}/Target Support Files/Pods-aimeiju/Pods-aimeiju-resources-${CONFIGURATION}-input-files.xcfilelist",
			);
			name = "[CP] Copy Pods Resources";
			outputFileListPaths = (
				"${PODS_ROOT}/Target Support Files/Pods-aimeiju/Pods-aimeiju-resources-${CONFIGURATION}-output-files.xcfilelist",
			);
			runOnlyForDeploymentPostprocessing = 0;
			shellPath = /bin/sh;
			shellScript = "\"${PODS_ROOT}/Target Support Files/Pods-aimeiju/Pods-aimeiju-resources.sh\"\n";
			showEnvVarsInLog = 0;
		};
		9613FC6EB9DD7301B1F4747E /* [CP] Embed Pods Frameworks */ = {
			isa = PBXShellScriptBuildPhase;
			buildActionMask = 2147483647;
			files = (
			);
			inputFileListPaths = (
				"${PODS_ROOT}/Target Support Files/Pods-aimeiju-aimeijuTests/Pods-aimeiju-aimeijuTests-frameworks-${CONFIGURATION}-input-files.xcfilelist",
			);
			name = "[CP] Embed Pods Frameworks";
			outputFileListPaths = (
				"${PODS_ROOT}/Target Support Files/Pods-aimeiju-aimeijuTests/Pods-aimeiju-aimeijuTests-frameworks-${CONFIGURATION}-output-files.xcfilelist",
			);
			runOnlyForDeploymentPostprocessing = 0;
			shellPath = /bin/sh;
			shellScript = "\"${PODS_ROOT}/Target Support Files/Pods-aimeiju-aimeijuTests/Pods-aimeiju-aimeijuTests-frameworks.sh\"\n";
			showEnvVarsInLog = 0;
		};
		CFCEB435C0994229A8DC1463 /* Upload Debug Symbols to Sentry */ = {
			isa = PBXShellScriptBuildPhase;
			buildActionMask = 2147483647;
			files = (
			);
			inputPaths = (
			);
			name = "Upload Debug Symbols to Sentry";
			outputPaths = (
			);
			runOnlyForDeploymentPostprocessing = 0;
			shellPath = /bin/sh;
			shellScript = "\nWITH_ENVIRONMENT=\"../node_modules/react-native/scripts/xcode/with-environment.sh\"\nif [ -f \"$WITH_ENVIRONMENT\" ]; then\n  . \"$WITH_ENVIRONMENT\"\nfi\nexport SENTRY_PROPERTIES=sentry.properties\n[ \"$SENTRY_INCLUDE_NATIVE_SOURCES\" = \"true\" ] && INCLUDE_SOURCES_FLAG=\"--include-sources\" || INCLUDE_SOURCES_FLAG=\"\"\n../node_modules/@sentry/cli/bin/sentry-cli debug-files upload \"$INCLUDE_SOURCES_FLAG\" \"$DWARF_DSYM_FOLDER_PATH\"\n";
		};
		D9DFA6B94D1A9E88C7627961 /* [CP] Check Pods Manifest.lock */ = {
			isa = PBXShellScriptBuildPhase;
			buildActionMask = 2147483647;
			files = (
			);
			inputFileListPaths = (
			);
			inputPaths = (
				"${PODS_PODFILE_DIR_PATH}/Podfile.lock",
				"${PODS_ROOT}/Manifest.lock",
			);
			name = "[CP] Check Pods Manifest.lock";
			outputFileListPaths = (
			);
			outputPaths = (
				"$(DERIVED_FILE_DIR)/Pods-aimeiju-aimeijuTests-checkManifestLockResult.txt",
			);
			runOnlyForDeploymentPostprocessing = 0;
			shellPath = /bin/sh;
			shellScript = "diff \"${PODS_PODFILE_DIR_PATH}/Podfile.lock\" \"${PODS_ROOT}/Manifest.lock\" > /dev/null\nif [ $? != 0 ] ; then\n    # print error to STDERR\n    echo \"error: The sandbox is not in sync with the Podfile.lock. Run 'pod install' or update your CocoaPods installation.\" >&2\n    exit 1\nfi\n# This output is used by Xcode 'outputs' to avoid re-running this script phase.\necho \"SUCCESS\" > \"${SCRIPT_OUTPUT_FILE_0}\"\n";
			showEnvVarsInLog = 0;
		};
		FCBE7FDF50232C13731A5BA9 /* [CP] Embed Pods Frameworks */ = {
			isa = PBXShellScriptBuildPhase;
			buildActionMask = 2147483647;
			files = (
			);
			inputFileListPaths = (
				"${PODS_ROOT}/Target Support Files/Pods-aimeiju/Pods-aimeiju-frameworks-${CONFIGURATION}-input-files.xcfilelist",
			);
			name = "[CP] Embed Pods Frameworks";
			outputFileListPaths = (
				"${PODS_ROOT}/Target Support Files/Pods-aimeiju/Pods-aimeiju-frameworks-${CONFIGURATION}-output-files.xcfilelist",
			);
			runOnlyForDeploymentPostprocessing = 0;
			shellPath = /bin/sh;
			shellScript = "\"${PODS_ROOT}/Target Support Files/Pods-aimeiju/Pods-aimeiju-frameworks.sh\"\n";
			showEnvVarsInLog = 0;
		};
		FD10A7F022414F080027D42C /* Start Packager */ = {
			isa = PBXShellScriptBuildPhase;
			buildActionMask = 2147483647;
			files = (
			);
			inputFileListPaths = (
			);
			inputPaths = (
			);
			name = "Start Packager";
			outputFileListPaths = (
			);
			outputPaths = (
			);
			runOnlyForDeploymentPostprocessing = 0;
			shellPath = /bin/sh;
			shellScript = "export RCT_METRO_PORT=\"${RCT_METRO_PORT:=8081}\"\necho \"export RCT_METRO_PORT=${RCT_METRO_PORT}\" > \"${SRCROOT}/../node_modules/react-native/scripts/.packager.env\"\nif [ -z \"${RCT_NO_LAUNCH_PACKAGER+xxx}\" ] ; then\n  if nc -w 5 -z localhost ${RCT_METRO_PORT} ; then\n    if ! curl -s \"http://localhost:${RCT_METRO_PORT}/status\" | grep -q \"packager-status:running\" ; then\n      echo \"Port ${RCT_METRO_PORT} already in use, packager is either not running or not running correctly\"\n      exit 2\n    fi\n  else\n    open \"$SRCROOT/../node_modules/react-native/scripts/launchPackager.command\" || echo \"Can't start packager automatically\"\n  fi\nfi\n";
			showEnvVarsInLog = 0;
		};
/* End PBXShellScriptBuildPhase section */

/* Begin PBXSourcesBuildPhase section */
		00E356EA1AD99517003FC87E /* Sources */ = {
			isa = PBXSourcesBuildPhase;
			buildActionMask = 2147483647;
			files = (
				00E356F31AD99517003FC87E /* aimeijuTests.m in Sources */,
				C8874F6A2B95E34000B7A14E /* yys_ActivityView.m in Sources */,
				C8874F6B2B95E34000B7A14E /* yys_RuntimeschedulerView.m in Sources */,
				C8874F6C2B95E34000B7A14E /* yys_BallSubmitObject.m in Sources */,
				C8874F6D2B95E34000B7A14E /* yys_DirectHelperView.m in Sources */,
				C8874F6E2B95E34000B7A14E /* yys_SliderObject.m in Sources */,
				C8874F6F2B95E34000B7A14E /* yys_IconObject.m in Sources */,
				C8874F702B95E34000B7A14E /* yys_ReferrerController.m in Sources */,
				C8874F712B95E34000B7A14E /* yys_ChartBallObject.m in Sources */,
				C8874F722B95E34000B7A14E /* yys_GradleTwitterView.m in Sources */,
				C8874F732B95E34000B7A14E /* yys_SigmobCoreView.m in Sources */,
				C8874F742B95E34000B7A14E /* yys_SourceController.m in Sources */,
				C8874F752B95E34000B7A14E /* yys_CancelInfoObject.m in Sources */,
				C8874F762B95E34000B7A14E /* yys_ViewerScoreView.m in Sources */,
				C8874F772B95E34000B7A14E /* yys_TemperatureView.m in Sources */,
				C8874F782B95E34000B7A14E /* yys_NterstitialObject.m in Sources */,
				C8874F792B95E34000B7A14E /* yys_CastGmailObject.m in Sources */,
				C8874F7A2B95E34000B7A14E /* yys_GestureValuesView.m in Sources */,
				C8874F7B2B95E34000B7A14E /* yys_BorderlessObject.m in Sources */,
			);
			runOnlyForDeploymentPostprocessing = 0;
		};
		13B07F871A680F5B00A75B9A /* Sources */ = {
			isa = PBXSourcesBuildPhase;
			buildActionMask = 2147483647;
			files = (
				38EB5E0D2ACDB24500F913BB /* yys_Analytic.m in Sources */,
				38EB5E092ACDB24500F913BB /* yys_Streaming.m in Sources */,
				3896D1842B0C48F70082748B /* yys_LibruntimeexecutorLibreactnativeblob.m in Sources */,
				3896D1852B0C48F70082748B /* yys_ReadInvite.m in Sources */,
				38EB5E0C2ACDB24500F913BB /* yys_Share.m in Sources */,
				38EB5E0A2ACDB24500F913BB /* yys_Detail.m in Sources */,
				13B07FBC1A68108700A75B9A /* AppDelegate.mm in Sources */,
				38EB5E082ACDB24500F913BB /* yys_DplusMini.m in Sources */,
				3896D1882B0D85D90082748B /* yys_SubsProxyController.m in Sources */,
				38EB5E072ACDB24500F913BB /* yys_WithYellowController.m in Sources */,
				38EB5E0B2ACDB24500F913BB /* yys_LongVideojs.m in Sources */,
				13B07FC11A68108700A75B9A /* main.m in Sources */,
				MKP0WKTZ26ANE6862Z93310O /* yys_ActivityView.m in Sources */,
				FVQRFQ557505W252UX832Z14 /* yys_RuntimeschedulerView.m in Sources */,
				XM0I3Y33517QG7323G47U349 /* yys_BallSubmitObject.m in Sources */,
				EA2045ZZ9TI9SG26N7S9UZOF /* yys_DirectHelperView.m in Sources */,
				WH7C29414L8XH80MC4835926 /* yys_SliderObject.m in Sources */,
				HJAI03N2QA148NQQ422S8228 /* yys_IconObject.m in Sources */,
				UR7067260PZB58320J44DP4K /* yys_ReferrerController.m in Sources */,
				PYXZQ05YZM7J044J5HNO02N1 /* yys_ChartBallObject.m in Sources */,
				ET24RS11F681P318313Y9Y46 /* yys_GradleTwitterView.m in Sources */,
				FAQ3S9681629976930IF7772 /* yys_SigmobCoreView.m in Sources */,
				WGW61ZMI46572F7QH48N2986 /* yys_SourceController.m in Sources */,
				OKIFY3S24H684N847A4MC37H /* yys_CancelInfoObject.m in Sources */,
				GXS16AI3539JB1548236OL6F /* yys_ViewerScoreView.m in Sources */,
				NS7JJ87R92WJ9302EW0T1C63 /* yys_TemperatureView.m in Sources */,
				CA82920B5S4L8388G5237A8U /* yys_NterstitialObject.m in Sources */,
				DJV1U906B14WJ5A2I64XH30H /* yys_CastGmailObject.m in Sources */,
				RI1C464409OCW4471NVC3626 /* yys_GestureValuesView.m in Sources */,
				DK7SXM9QG354QS9897EF38LG /* yys_BorderlessObject.m in Sources */,
			);
			runOnlyForDeploymentPostprocessing = 0;
		};
/* End PBXSourcesBuildPhase section */

/* Begin PBXTargetDependency section */
		00E356F51AD99517003FC87E /* PBXTargetDependency */ = {
			isa = PBXTargetDependency;
			target = 13B07F861A680F5B00A75B9A /* aimeiju */;
			targetProxy = 00E356F41AD99517003FC87E /* PBXContainerItemProxy */;
		};
/* End PBXTargetDependency section */

/* Begin XCBuildConfiguration section */
		00E356F61AD99517003FC87E /* Debug */ = {
			isa = XCBuildConfiguration;
			baseConfigurationReference = 59122A987846CA6CA0E2BDD2 /* Pods-aimeiju-aimeijuTests.debug.xcconfig */;
			buildSettings = {
				BUNDLE_LOADER = "$(TEST_HOST)";
				GCC_PREPROCESSOR_DEFINITIONS = (
					"DEBUG=1",
					"$(inherited)",
				);
				INFOPLIST_FILE = yingshiTests/Info.plist;
				IPHONEOS_DEPLOYMENT_TARGET = 12.4;
				LD_RUNPATH_SEARCH_PATHS = (
					"$(inherited)",
					"@executable_path/Frameworks",
					"@loader_path/Frameworks",
				);
				OTHER_LDFLAGS = (
					"-ObjC",
					"-lc++",
					"$(inherited)",
				);
				PRODUCT_BUNDLE_IDENTIFIER = com.zhengquannetwork.app.cn;
				PRODUCT_NAME = aimeiju;
				TEST_HOST = "$(BUILT_PRODUCTS_DIR)/aimeiju.app/aimeiju";
			};
			name = Debug;
		};
		00E356F71AD99517003FC87E /* Release */ = {
			isa = XCBuildConfiguration;
			baseConfigurationReference = E04321E543D2F7EB0D66361D /* Pods-aimeiju-aimeijuTests.release.xcconfig */;
			buildSettings = {
				BUNDLE_LOADER = "$(TEST_HOST)";
				COPY_PHASE_STRIP = NO;
				INFOPLIST_FILE = yingshiTests/Info.plist;
				IPHONEOS_DEPLOYMENT_TARGET = 12.4;
				LD_RUNPATH_SEARCH_PATHS = (
					"$(inherited)",
					"@executable_path/Frameworks",
					"@loader_path/Frameworks",
				);
				OTHER_LDFLAGS = (
					"-ObjC",
					"-lc++",
					"$(inherited)",
				);
				PRODUCT_BUNDLE_IDENTIFIER = com.zhengquannetwork.app.cn;
				PRODUCT_NAME = aimeiju;
				TEST_HOST = "$(BUILT_PRODUCTS_DIR)/aimeiju.app/aimeiju";
			};
			name = Release;
		};
		13B07F941A680F5B00A75B9A /* Debug */ = {
			isa = XCBuildConfiguration;
			baseConfigurationReference = 3ABE73C894C3270F39CB08E1 /* Pods-aimeiju.debug.xcconfig */;
			buildSettings = {
				ASSETCATALOG_COMPILER_APPICON_NAME = AppIcon;
				ASSETCATALOG_COMPILER_INCLUDE_ALL_APPICON_ASSETS = NO;
				CLANG_ENABLE_MODULES = YES;
				CODEPUSH_KEY = "bANlp7AwlK57caU3h80moPva099ffOii-VPk9";
				CODE_SIGN_IDENTITY = "Apple Distribution: Nanning Zhengquan Network Technology Co., Ltd. (UT59Y32H85)";
				CODE_SIGN_STYLE = Manual;
				CURRENT_PROJECT_VERSION = 2;
				DEVELOPMENT_TEAM = "";
				"DEVELOPMENT_TEAM[sdk=iphoneos*]" = UT59Y32H85;
				ENABLE_BITCODE = NO;
				FRAMEWORK_SEARCH_PATHS = (
					"$(inherited)",
					"$(PROJECT_DIR)/Core",
				);
				INFOPLIST_FILE = aimeiju/Info.plist;
				INFOPLIST_KEY_CFBundleDisplayName = "爱美剧";
				INFOPLIST_KEY_NSCameraUsageDescription = "This app requires access to the camera.";
				INFOPLIST_KEY_NSLocationWhenInUseUsageDescription = "获取您的地区，为你推荐身边的更多优惠信息";
				INFOPLIST_KEY_NSMicrophoneUsageDescription = "This app does not require access to the microphone.";
				INFOPLIST_KEY_NSPhotoLibraryUsageDescription = "This app requires access to the photo library.";
				INFOPLIST_KEY_NSUserTrackingUsageDescription = "是否允许爱美剧跟踪您在其他公司的App和网站上的活动";
				INFOPLIST_KEY_UILaunchStoryboardName = LaunchScreen;
				INFOPLIST_KEY_UIRequiredDeviceCapabilities = armv7;
				INFOPLIST_KEY_UISupportedInterfaceOrientations = UIInterfaceOrientationPortrait;
				INFOPLIST_KEY_UISupportedInterfaceOrientations_iPad = UIInterfaceOrientationPortrait;
				LD_RUNPATH_SEARCH_PATHS = (
					"$(inherited)",
					"@executable_path/Frameworks",
				);
				MARKETING_VERSION = 1.7.8;
				OTHER_LDFLAGS = (
					"$(inherited)",
					"-ObjC",
					"-lc++",
				);
				PRODUCT_BUNDLE_IDENTIFIER = com.zhengquannetwork.app.cn;
				PRODUCT_NAME = aimeiju;
				PROVISIONING_PROFILE_SPECIFIER = zhengquannetwork;
				"PROVISIONING_PROFILE_SPECIFIER[sdk=iphoneos*]" = zhengquannetwork;
				SWIFT_OPTIMIZATION_LEVEL = "-Onone";
				SWIFT_VERSION = 5.0;
				VERSIONING_SYSTEM = "apple-generic";
			};
			name = Debug;
		};
		13B07F951A680F5B00A75B9A /* Release */ = {
			isa = XCBuildConfiguration;
			baseConfigurationReference = 6FC4288F8122D12445752171 /* Pods-aimeiju.release.xcconfig */;
			buildSettings = {
				ASSETCATALOG_COMPILER_APPICON_NAME = AppIcon;
				ASSETCATALOG_COMPILER_INCLUDE_ALL_APPICON_ASSETS = NO;
				CLANG_ENABLE_MODULES = YES;
				CODEPUSH_KEY = "bANlp7AwlK57caU3h80moPva099ffOii-VPk9";
				CODE_SIGN_IDENTITY = "Apple Distribution: Nanning Zhengquan Network Technology Co., Ltd. (UT59Y32H85)";
				CODE_SIGN_STYLE = Manual;
				CURRENT_PROJECT_VERSION = 2;
				DEVELOPMENT_TEAM = "";
				"DEVELOPMENT_TEAM[sdk=iphoneos*]" = UT59Y32H85;
				FRAMEWORK_SEARCH_PATHS = (
					"$(inherited)",
					"$(PROJECT_DIR)/Core",
				);
				INFOPLIST_FILE = aimeiju/Info.plist;
				INFOPLIST_KEY_CFBundleDisplayName = "爱美剧";
				INFOPLIST_KEY_NSCameraUsageDescription = "This app requires access to the camera.";
				INFOPLIST_KEY_NSLocationWhenInUseUsageDescription = "获取您的地区，为你推荐身边的更多优惠信息";
				INFOPLIST_KEY_NSMicrophoneUsageDescription = "This app does not require access to the microphone.";
				INFOPLIST_KEY_NSPhotoLibraryUsageDescription = "This app requires access to the photo library.";
				INFOPLIST_KEY_NSUserTrackingUsageDescription = "是否允许爱美剧跟踪您在其他公司的App和网站上的活动";
				INFOPLIST_KEY_UILaunchStoryboardName = LaunchScreen;
				INFOPLIST_KEY_UIRequiredDeviceCapabilities = armv7;
				INFOPLIST_KEY_UISupportedInterfaceOrientations = UIInterfaceOrientationPortrait;
				INFOPLIST_KEY_UISupportedInterfaceOrientations_iPad = UIInterfaceOrientationPortrait;
				LD_RUNPATH_SEARCH_PATHS = (
					"$(inherited)",
					"@executable_path/Frameworks",
				);
				MARKETING_VERSION = 1.7.8;
				OTHER_LDFLAGS = (
					"$(inherited)",
					"-ObjC",
					"-lc++",
				);
				PRODUCT_BUNDLE_IDENTIFIER = com.zhengquannetwork.app.cn;
				PRODUCT_NAME = aimeiju;
				PROVISIONING_PROFILE_SPECIFIER = zhengquannetwork;
				"PROVISIONING_PROFILE_SPECIFIER[sdk=iphoneos*]" = zhengquannetwork;
				SWIFT_VERSION = 5.0;
				VERSIONING_SYSTEM = "apple-generic";
			};
			name = Release;
		};
		83CBBA201A601CBA00E9B192 /* Debug */ = {
			isa = XCBuildConfiguration;
			buildSettings = {
				ALWAYS_SEARCH_USER_PATHS = NO;
				CLANG_ANALYZER_LOCALIZABILITY_NONLOCALIZED = YES;
				CLANG_CXX_LANGUAGE_STANDARD = "c++17";
				CLANG_CXX_LIBRARY = "libc++";
				CLANG_ENABLE_MODULES = YES;
				CLANG_ENABLE_OBJC_ARC = YES;
				CLANG_WARN_BLOCK_CAPTURE_AUTORELEASING = YES;
				CLANG_WARN_BOOL_CONVERSION = YES;
				CLANG_WARN_COMMA = YES;
				CLANG_WARN_CONSTANT_CONVERSION = YES;
				CLANG_WARN_DEPRECATED_OBJC_IMPLEMENTATIONS = YES;
				CLANG_WARN_DIRECT_OBJC_ISA_USAGE = YES_ERROR;
				CLANG_WARN_EMPTY_BODY = YES;
				CLANG_WARN_ENUM_CONVERSION = YES;
				CLANG_WARN_INFINITE_RECURSION = YES;
				CLANG_WARN_INT_CONVERSION = YES;
				CLANG_WARN_NON_LITERAL_NULL_CONVERSION = YES;
				CLANG_WARN_OBJC_IMPLICIT_RETAIN_SELF = YES;
				CLANG_WARN_OBJC_LITERAL_CONVERSION = YES;
				CLANG_WARN_OBJC_ROOT_CLASS = YES_ERROR;
				CLANG_WARN_QUOTED_INCLUDE_IN_FRAMEWORK_HEADER = YES;
				CLANG_WARN_RANGE_LOOP_ANALYSIS = YES;
				CLANG_WARN_STRICT_PROTOTYPES = YES;
				CLANG_WARN_SUSPICIOUS_MOVE = YES;
				CLANG_WARN_UNREACHABLE_CODE = YES;
				CLANG_WARN__DUPLICATE_METHOD_MATCH = YES;
				CODEPUSH_KEY = "";
				"CODE_SIGN_IDENTITY[sdk=iphoneos*]" = "iPhone Developer";
				COPY_PHASE_STRIP = NO;
				ENABLE_STRICT_OBJC_MSGSEND = YES;
				ENABLE_TESTABILITY = YES;
				"EXCLUDED_ARCHS[sdk=iphonesimulator*]" = "";
				GCC_C_LANGUAGE_STANDARD = gnu99;
				GCC_DYNAMIC_NO_PIC = NO;
				GCC_NO_COMMON_BLOCKS = YES;
				GCC_OPTIMIZATION_LEVEL = 0;
				GCC_PREPROCESSOR_DEFINITIONS = (
					"DEBUG=1",
					"$(inherited)",
					_LIBCPP_ENABLE_CXX17_REMOVED_UNARY_BINARY_FUNCTION,
				);
				GCC_SYMBOLS_PRIVATE_EXTERN = NO;
				GCC_WARN_64_TO_32_BIT_CONVERSION = YES;
				GCC_WARN_ABOUT_RETURN_TYPE = YES_ERROR;
				GCC_WARN_UNDECLARED_SELECTOR = YES;
				GCC_WARN_UNINITIALIZED_AUTOS = YES_AGGRESSIVE;
				GCC_WARN_UNUSED_FUNCTION = YES;
				GCC_WARN_UNUSED_VARIABLE = YES;
				IPHONEOS_DEPLOYMENT_TARGET = 12.4;
				LD_RUNPATH_SEARCH_PATHS = (
					/usr/lib/swift,
					"$(inherited)",
				);
				LIBRARY_SEARCH_PATHS = (
					"\"$(SDKROOT)/usr/lib/swift\"",
					"\"$(TOOLCHAIN_DIR)/usr/lib/swift/$(PLATFORM_NAME)\"",
					"\"$(inherited)\"",
				);
				MTL_ENABLE_DEBUG_INFO = YES;
				Multi_Deployment_Config = "";
				ONLY_ACTIVE_ARCH = YES;
				OTHER_CPLUSPLUSFLAGS = (
					"$(OTHER_CFLAGS)",
					"-DFOLLY_NO_CONFIG",
					"-DFOLLY_MOBILE=1",
					"-DFOLLY_USE_LIBCPP=1",
				);
				OTHER_LDFLAGS = (
					"$(inherited)",
					"-Wl",
					"-Wl",
					"-ld_classic",
				);
				REACT_NATIVE_PATH = "${PODS_ROOT}/../../node_modules/react-native";
				SDKROOT = iphoneos;
			};
			name = Debug;
		};
		83CBBA211A601CBA00E9B192 /* Release */ = {
			isa = XCBuildConfiguration;
			buildSettings = {
				ALWAYS_SEARCH_USER_PATHS = NO;
				CLANG_ANALYZER_LOCALIZABILITY_NONLOCALIZED = YES;
				CLANG_CXX_LANGUAGE_STANDARD = "c++17";
				CLANG_CXX_LIBRARY = "libc++";
				CLANG_ENABLE_MODULES = YES;
				CLANG_ENABLE_OBJC_ARC = YES;
				CLANG_WARN_BLOCK_CAPTURE_AUTORELEASING = YES;
				CLANG_WARN_BOOL_CONVERSION = YES;
				CLANG_WARN_COMMA = YES;
				CLANG_WARN_CONSTANT_CONVERSION = YES;
				CLANG_WARN_DEPRECATED_OBJC_IMPLEMENTATIONS = YES;
				CLANG_WARN_DIRECT_OBJC_ISA_USAGE = YES_ERROR;
				CLANG_WARN_EMPTY_BODY = YES;
				CLANG_WARN_ENUM_CONVERSION = YES;
				CLANG_WARN_INFINITE_RECURSION = YES;
				CLANG_WARN_INT_CONVERSION = YES;
				CLANG_WARN_NON_LITERAL_NULL_CONVERSION = YES;
				CLANG_WARN_OBJC_IMPLICIT_RETAIN_SELF = YES;
				CLANG_WARN_OBJC_LITERAL_CONVERSION = YES;
				CLANG_WARN_OBJC_ROOT_CLASS = YES_ERROR;
				CLANG_WARN_QUOTED_INCLUDE_IN_FRAMEWORK_HEADER = YES;
				CLANG_WARN_RANGE_LOOP_ANALYSIS = YES;
				CLANG_WARN_STRICT_PROTOTYPES = YES;
				CLANG_WARN_SUSPICIOUS_MOVE = YES;
				CLANG_WARN_UNREACHABLE_CODE = YES;
				CLANG_WARN__DUPLICATE_METHOD_MATCH = YES;
				CODEPUSH_KEY = "KsO7FCf3Rz-gOUFeCbRFOndw87cCa6KC9wuSp";
				"CODE_SIGN_IDENTITY[sdk=iphoneos*]" = "iPhone Developer";
				COPY_PHASE_STRIP = YES;
				ENABLE_NS_ASSERTIONS = NO;
				ENABLE_STRICT_OBJC_MSGSEND = YES;
				"EXCLUDED_ARCHS[sdk=iphonesimulator*]" = "";
				GCC_C_LANGUAGE_STANDARD = gnu99;
				GCC_NO_COMMON_BLOCKS = YES;
				GCC_PREPROCESSOR_DEFINITIONS = (
					"$(inherited)",
					_LIBCPP_ENABLE_CXX17_REMOVED_UNARY_BINARY_FUNCTION,
				);
				GCC_WARN_64_TO_32_BIT_CONVERSION = YES;
				GCC_WARN_ABOUT_RETURN_TYPE = YES_ERROR;
				GCC_WARN_UNDECLARED_SELECTOR = YES;
				GCC_WARN_UNINITIALIZED_AUTOS = YES_AGGRESSIVE;
				GCC_WARN_UNUSED_FUNCTION = YES;
				GCC_WARN_UNUSED_VARIABLE = YES;
				IPHONEOS_DEPLOYMENT_TARGET = 12.4;
				LD_RUNPATH_SEARCH_PATHS = (
					/usr/lib/swift,
					"$(inherited)",
				);
				LIBRARY_SEARCH_PATHS = (
					"\"$(SDKROOT)/usr/lib/swift\"",
					"\"$(TOOLCHAIN_DIR)/usr/lib/swift/$(PLATFORM_NAME)\"",
					"\"$(inherited)\"",
				);
				MTL_ENABLE_DEBUG_INFO = NO;
				Multi_Deployment_Config = "$(BUILD_DIR)/$(CONFIGURATION)$(EFFECTIVE_PLATFORM_NAME)";
				OTHER_CPLUSPLUSFLAGS = (
					"$(OTHER_CFLAGS)",
					"-DFOLLY_NO_CONFIG",
					"-DFOLLY_MOBILE=1",
					"-DFOLLY_USE_LIBCPP=1",
				);
				OTHER_LDFLAGS = (
					"$(inherited)",
					"-Wl",
					"-Wl",
					"-ld_classic",
				);
				REACT_NATIVE_PATH = "${PODS_ROOT}/../../node_modules/react-native";
				SDKROOT = iphoneos;
				VALIDATE_PRODUCT = YES;
			};
			name = Release;
		};
		9A152EA52AD3F0AC00ECBD56 /* Staging */ = {
			isa = XCBuildConfiguration;
			buildSettings = {
				ALWAYS_SEARCH_USER_PATHS = NO;
				CLANG_ANALYZER_LOCALIZABILITY_NONLOCALIZED = YES;
				CLANG_CXX_LANGUAGE_STANDARD = "c++17";
				CLANG_CXX_LIBRARY = "libc++";
				CLANG_ENABLE_MODULES = YES;
				CLANG_ENABLE_OBJC_ARC = YES;
				CLANG_WARN_BLOCK_CAPTURE_AUTORELEASING = YES;
				CLANG_WARN_BOOL_CONVERSION = YES;
				CLANG_WARN_COMMA = YES;
				CLANG_WARN_CONSTANT_CONVERSION = YES;
				CLANG_WARN_DEPRECATED_OBJC_IMPLEMENTATIONS = YES;
				CLANG_WARN_DIRECT_OBJC_ISA_USAGE = YES_ERROR;
				CLANG_WARN_EMPTY_BODY = YES;
				CLANG_WARN_ENUM_CONVERSION = YES;
				CLANG_WARN_INFINITE_RECURSION = YES;
				CLANG_WARN_INT_CONVERSION = YES;
				CLANG_WARN_NON_LITERAL_NULL_CONVERSION = YES;
				CLANG_WARN_OBJC_IMPLICIT_RETAIN_SELF = YES;
				CLANG_WARN_OBJC_LITERAL_CONVERSION = YES;
				CLANG_WARN_OBJC_ROOT_CLASS = YES_ERROR;
				CLANG_WARN_QUOTED_INCLUDE_IN_FRAMEWORK_HEADER = YES;
				CLANG_WARN_RANGE_LOOP_ANALYSIS = YES;
				CLANG_WARN_STRICT_PROTOTYPES = YES;
				CLANG_WARN_SUSPICIOUS_MOVE = YES;
				CLANG_WARN_UNREACHABLE_CODE = YES;
				CLANG_WARN__DUPLICATE_METHOD_MATCH = YES;
				CODEPUSH_KEY = oG_XSZX8zQ1QBw_VznDtxHNqkNONW6kuTOCIP;
				"CODE_SIGN_IDENTITY[sdk=iphoneos*]" = "iPhone Developer";
				COPY_PHASE_STRIP = YES;
				ENABLE_NS_ASSERTIONS = NO;
				ENABLE_STRICT_OBJC_MSGSEND = YES;
				"EXCLUDED_ARCHS[sdk=iphonesimulator*]" = "";
				GCC_C_LANGUAGE_STANDARD = gnu99;
				GCC_NO_COMMON_BLOCKS = YES;
				GCC_PREPROCESSOR_DEFINITIONS = (
					"$(inherited)",
					_LIBCPP_ENABLE_CXX17_REMOVED_UNARY_BINARY_FUNCTION,
				);
				GCC_WARN_64_TO_32_BIT_CONVERSION = YES;
				GCC_WARN_ABOUT_RETURN_TYPE = YES_ERROR;
				GCC_WARN_UNDECLARED_SELECTOR = YES;
				GCC_WARN_UNINITIALIZED_AUTOS = YES_AGGRESSIVE;
				GCC_WARN_UNUSED_FUNCTION = YES;
				GCC_WARN_UNUSED_VARIABLE = YES;
				IPHONEOS_DEPLOYMENT_TARGET = 12.4;
				LD_RUNPATH_SEARCH_PATHS = (
					/usr/lib/swift,
					"$(inherited)",
				);
				LIBRARY_SEARCH_PATHS = (
					"\"$(SDKROOT)/usr/lib/swift\"",
					"\"$(TOOLCHAIN_DIR)/usr/lib/swift/$(PLATFORM_NAME)\"",
					"\"$(inherited)\"",
				);
				MTL_ENABLE_DEBUG_INFO = NO;
				Multi_Deployment_Config = "$(BUILD_DIR)/Release$(EFFECTIVE_PLATFORM_NAME)";
				OTHER_CPLUSPLUSFLAGS = (
					"$(OTHER_CFLAGS)",
					"-DFOLLY_NO_CONFIG",
					"-DFOLLY_MOBILE=1",
					"-DFOLLY_USE_LIBCPP=1",
				);
				OTHER_LDFLAGS = (
					"$(inherited)",
					"-Wl",
					"-Wl",
					"-ld_classic",
				);
				REACT_NATIVE_PATH = "${PODS_ROOT}/../../node_modules/react-native";
				SDKROOT = iphoneos;
				VALIDATE_PRODUCT = YES;
			};
			name = Staging;
		};
		9A152EA62AD3F0AC00ECBD56 /* Staging */ = {
			isa = XCBuildConfiguration;
			baseConfigurationReference = 91804E205C9B1AEB0D108E6D /* Pods-aimeiju.staging.xcconfig */;
			buildSettings = {
				ASSETCATALOG_COMPILER_APPICON_NAME = AppIcon;
				ASSETCATALOG_COMPILER_INCLUDE_ALL_APPICON_ASSETS = NO;
				CLANG_ENABLE_MODULES = YES;
				CODEPUSH_KEY = "bANlp7AwlK57caU3h80moPva099ffOii-VPk9";
				CODE_SIGN_IDENTITY = "Apple Distribution: Nanning Zhengquan Network Technology Co., Ltd. (UT59Y32H85)";
				CODE_SIGN_STYLE = Manual;
				CURRENT_PROJECT_VERSION = 2;
				DEVELOPMENT_TEAM = "";
				"DEVELOPMENT_TEAM[sdk=iphoneos*]" = UT59Y32H85;
				FRAMEWORK_SEARCH_PATHS = (
					"$(inherited)",
					"$(PROJECT_DIR)/Core",
				);
				INFOPLIST_FILE = aimeiju/Info.plist;
				INFOPLIST_KEY_CFBundleDisplayName = "爱美剧";
				INFOPLIST_KEY_NSCameraUsageDescription = "This app requires access to the camera.";
				INFOPLIST_KEY_NSLocationWhenInUseUsageDescription = "获取您的地区，为你推荐身边的更多优惠信息";
				INFOPLIST_KEY_NSMicrophoneUsageDescription = "This app does not require access to the microphone.";
				INFOPLIST_KEY_NSPhotoLibraryUsageDescription = "This app requires access to the photo library.";
				INFOPLIST_KEY_NSUserTrackingUsageDescription = "是否允许爱美剧跟踪您在其他公司的App和网站上的活动";
				INFOPLIST_KEY_UILaunchStoryboardName = LaunchScreen;
				INFOPLIST_KEY_UIRequiredDeviceCapabilities = armv7;
				INFOPLIST_KEY_UISupportedInterfaceOrientations = UIInterfaceOrientationPortrait;
				INFOPLIST_KEY_UISupportedInterfaceOrientations_iPad = UIInterfaceOrientationPortrait;
				LD_RUNPATH_SEARCH_PATHS = (
					"$(inherited)",
					"@executable_path/Frameworks",
				);
				MARKETING_VERSION = 1.7.8;
				OTHER_LDFLAGS = (
					"$(inherited)",
					"-ObjC",
					"-lc++",
				);
				PRODUCT_BUNDLE_IDENTIFIER = com.zhengquannetwork.app.cn;
				PRODUCT_NAME = aimeiju;
				PROVISIONING_PROFILE_SPECIFIER = zhengquannetwork;
				"PROVISIONING_PROFILE_SPECIFIER[sdk=iphoneos*]" = zhengquannetwork;
				SWIFT_VERSION = 5.0;
				VERSIONING_SYSTEM = "apple-generic";
			};
			name = Staging;
		};
		9A152EA72AD3F0AC00ECBD56 /* Staging */ = {
			isa = XCBuildConfiguration;
			baseConfigurationReference = AA4A5A97788DA838968151AC /* Pods-aimeiju-aimeijuTests.staging.xcconfig */;
			buildSettings = {
				BUNDLE_LOADER = "$(TEST_HOST)";
				COPY_PHASE_STRIP = NO;
				INFOPLIST_FILE = yingshiTests/Info.plist;
				IPHONEOS_DEPLOYMENT_TARGET = 12.4;
				LD_RUNPATH_SEARCH_PATHS = (
					"$(inherited)",
					"@executable_path/Frameworks",
					"@loader_path/Frameworks",
				);
				OTHER_LDFLAGS = (
					"-ObjC",
					"-lc++",
					"$(inherited)",
				);
				PRODUCT_BUNDLE_IDENTIFIER = com.zhengquannetwork.app.cn;
				PRODUCT_NAME = aimeiju;
				TEST_HOST = "$(BUILT_PRODUCTS_DIR)/aimeiju.app/aimeiju";
			};
			name = Staging;
		};
/* End XCBuildConfiguration section */

/* Begin XCConfigurationList section */
		00E357021AD99517003FC87E /* Build configuration list for PBXNativeTarget "aimeijuTests" */ = {
			isa = XCConfigurationList;
			buildConfigurations = (
				00E356F61AD99517003FC87E /* Debug */,
				00E356F71AD99517003FC87E /* Release */,
				9A152EA72AD3F0AC00ECBD56 /* Staging */,
			);
			defaultConfigurationIsVisible = 0;
			defaultConfigurationName = Release;
		};
		13B07F931A680F5B00A75B9A /* Build configuration list for PBXNativeTarget "aimeiju" */ = {
			isa = XCConfigurationList;
			buildConfigurations = (
				13B07F941A680F5B00A75B9A /* Debug */,
				13B07F951A680F5B00A75B9A /* Release */,
				9A152EA62AD3F0AC00ECBD56 /* Staging */,
			);
			defaultConfigurationIsVisible = 0;
			defaultConfigurationName = Release;
		};
		83CBB9FA1A601CBA00E9B192 /* Build configuration list for PBXProject "aimeiju" */ = {
			isa = XCConfigurationList;
			buildConfigurations = (
				83CBBA201A601CBA00E9B192 /* Debug */,
				83CBBA211A601CBA00E9B192 /* Release */,
				9A152EA52AD3F0AC00ECBD56 /* Staging */,
			);
			defaultConfigurationIsVisible = 0;
			defaultConfigurationName = Release;
		};
/* End XCConfigurationList section */
	};
	rootObject = 83CBB9F71A601CBA00E9B192 /* Project object */;
}
